// !$*UTF8*$!
{
	archiveVersion = 1;
	classes = {
	};
	objectVersion = 46;
	objects = {

/* Begin PBXBuildFile section */
		57072D971E084B7200C3131B /* ControllerAlterarSenha.m in Sources */ = {isa = PBXBuildFile; fileRef = 57072D961E084B7200C3131B /* ControllerAlterarSenha.m */; };
		57355F761DC9616C004A778C /* ViewControllerLivro.m in Sources */ = {isa = PBXBuildFile; fileRef = 57355F751DC9616C004A778C /* ViewControllerLivro.m */; };
		573B00111DE4F0CB0024B1AB /* ViewControllerDetalheLivro.m in Sources */ = {isa = PBXBuildFile; fileRef = 573B00101DE4F0CB0024B1AB /* ViewControllerDetalheLivro.m */; };
		573B00141DE507E10024B1AB /* ViewControllerConfig.m in Sources */ = {isa = PBXBuildFile; fileRef = 573B00131DE507E10024B1AB /* ViewControllerConfig.m */; };
		573B00181DE50BB70024B1AB /* TableViewCellInteracoes.m in Sources */ = {isa = PBXBuildFile; fileRef = 573B00161DE50BB70024B1AB /* TableViewCellInteracoes.m */; };
		573B00191DE50BB70024B1AB /* TableViewCellInteracoes.xib in Resources */ = {isa = PBXBuildFile; fileRef = 573B00171DE50BB70024B1AB /* TableViewCellInteracoes.xib */; };
		573B001C1DE50E390024B1AB /* TableViewControllerIteracoes.m in Sources */ = {isa = PBXBuildFile; fileRef = 573B001B1DE50E390024B1AB /* TableViewControllerIteracoes.m */; };
		578F85441DDD14B700EA5018 /* TableViewCellLivro.m in Sources */ = {isa = PBXBuildFile; fileRef = 578F85421DDD14B700EA5018 /* TableViewCellLivro.m */; };
		578F85451DDD14B700EA5018 /* TableViewCellLivro.xib in Resources */ = {isa = PBXBuildFile; fileRef = 578F85431DDD14B700EA5018 /* TableViewCellLivro.xib */; };
		578F85481DDD25B400EA5018 /* TableViewControllerContatos.m in Sources */ = {isa = PBXBuildFile; fileRef = 578F85471DDD25B400EA5018 /* TableViewControllerContatos.m */; };
		578F854C1DDD25E700EA5018 /* TableViewCellContato.m in Sources */ = {isa = PBXBuildFile; fileRef = 578F854A1DDD25E700EA5018 /* TableViewCellContato.m */; };
		578F854D1DDD25E700EA5018 /* TableViewCellContato.xib in Resources */ = {isa = PBXBuildFile; fileRef = 578F854B1DDD25E700EA5018 /* TableViewCellContato.xib */; };
		579F609B1E033FE4006E1AE8 /* TableViewControllerEstanteEd.m in Sources */ = {isa = PBXBuildFile; fileRef = 579F609A1E033FE4006E1AE8 /* TableViewControllerEstanteEd.m */; };
		579F609E1E035AF5006E1AE8 /* ViewControllerImagem.m in Sources */ = {isa = PBXBuildFile; fileRef = 579F609D1E035AF5006E1AE8 /* ViewControllerImagem.m */; };
		57A7ED071E04705300DCE9A1 /* Livro+CoreDataClass.m in Sources */ = {isa = PBXBuildFile; fileRef = 57A7ECF81E04705300DCE9A1 /* Livro+CoreDataClass.m */; };
		57A7ED081E04705300DCE9A1 /* Livro+CoreDataProperties.m in Sources */ = {isa = PBXBuildFile; fileRef = 57A7ECFA1E04705300DCE9A1 /* Livro+CoreDataProperties.m */; };
		57A7ED091E04705300DCE9A1 /* Autor+CoreDataClass.m in Sources */ = {isa = PBXBuildFile; fileRef = 57A7ECFC1E04705300DCE9A1 /* Autor+CoreDataClass.m */; };
		57A7ED0A1E04705300DCE9A1 /* Autor+CoreDataProperties.m in Sources */ = {isa = PBXBuildFile; fileRef = 57A7ECFE1E04705300DCE9A1 /* Autor+CoreDataProperties.m */; };
		57A7ED0B1E04705300DCE9A1 /* Interacoes+CoreDataClass.m in Sources */ = {isa = PBXBuildFile; fileRef = 57A7ED001E04705300DCE9A1 /* Interacoes+CoreDataClass.m */; };
		57A7ED0C1E04705300DCE9A1 /* Interacoes+CoreDataProperties.m in Sources */ = {isa = PBXBuildFile; fileRef = 57A7ED021E04705300DCE9A1 /* Interacoes+CoreDataProperties.m */; };
		57A7ED0D1E04705300DCE9A1 /* Usuario+CoreDataClass.m in Sources */ = {isa = PBXBuildFile; fileRef = 57A7ED041E04705300DCE9A1 /* Usuario+CoreDataClass.m */; };
		57A7ED0E1E04705300DCE9A1 /* Usuario+CoreDataProperties.m in Sources */ = {isa = PBXBuildFile; fileRef = 57A7ED061E04705300DCE9A1 /* Usuario+CoreDataProperties.m */; };
		57B1519B1D5BF434006C6560 /* main.m in Sources */ = {isa = PBXBuildFile; fileRef = 57B1519A1D5BF434006C6560 /* main.m */; };
		57B1519E1D5BF434006C6560 /* AppDelegate.m in Sources */ = {isa = PBXBuildFile; fileRef = 57B1519D1D5BF434006C6560 /* AppDelegate.m */; };
		57B151A11D5BF434006C6560 /* ViewController.m in Sources */ = {isa = PBXBuildFile; fileRef = 57B151A01D5BF434006C6560 /* ViewController.m */; };
		57B151A41D5BF434006C6560 /* Main.storyboard in Resources */ = {isa = PBXBuildFile; fileRef = 57B151A21D5BF434006C6560 /* Main.storyboard */; };
		57B151A71D5BF434006C6560 /* LivroEmprestator.xcdatamodeld in Sources */ = {isa = PBXBuildFile; fileRef = 57B151A51D5BF434006C6560 /* LivroEmprestator.xcdatamodeld */; };
		57B151A91D5BF434006C6560 /* Assets.xcassets in Resources */ = {isa = PBXBuildFile; fileRef = 57B151A81D5BF434006C6560 /* Assets.xcassets */; };
		57B151AC1D5BF434006C6560 /* LaunchScreen.storyboard in Resources */ = {isa = PBXBuildFile; fileRef = 57B151AA1D5BF434006C6560 /* LaunchScreen.storyboard */; };
		57BB91011DF8CB5900F3D833 /* ViewControllerUsuario2.m in Sources */ = {isa = PBXBuildFile; fileRef = 57BB91001DF8CB5900F3D833 /* ViewControllerUsuario2.m */; };
		57D1B2D81DC010F600BD7068 /* ViewControllerUsuario.m in Sources */ = {isa = PBXBuildFile; fileRef = 57D1B2D71DC010F600BD7068 /* ViewControllerUsuario.m */; };
		57D8F10E1DD1187F0031C818 /* TableViewControllerListaLivros.m in Sources */ = {isa = PBXBuildFile; fileRef = 57D8F10D1DD1187F0031C818 /* TableViewControllerListaLivros.m */; };
		57DDDC381DF77BF500502FE8 /* ViewControllerDetalheUsuario.m in Sources */ = {isa = PBXBuildFile; fileRef = 57DDDC371DF77BF500502FE8 /* ViewControllerDetalheUsuario.m */; };
		57ECD0781E00982600FF5565 /* CollectionViewControllerEstante.m in Sources */ = {isa = PBXBuildFile; fileRef = 57ECD0771E00982600FF5565 /* CollectionViewControllerEstante.m */; };
		57ECD07C1E009D1300FF5565 /* CollectionViewCellEstante.m in Sources */ = {isa = PBXBuildFile; fileRef = 57ECD07A1E009D1300FF5565 /* CollectionViewCellEstante.m */; };
		57ECD07D1E009D1300FF5565 /* CollectionViewCellEstante.xib in Resources */ = {isa = PBXBuildFile; fileRef = 57ECD07B1E009D1300FF5565 /* CollectionViewCellEstante.xib */; };
		57EFE8671E01EDE7003C4997 /* MapKit.framework in Frameworks */ = {isa = PBXBuildFile; fileRef = 57EFE8661E01EDE7003C4997 /* MapKit.framework */; };
		57EFE86A1E01EEE1003C4997 /* ViewControllerMap.m in Sources */ = {isa = PBXBuildFile; fileRef = 57EFE8691E01EEE1003C4997 /* ViewControllerMap.m */; };
		57F084E71DF61CB80028E9B2 /* ViewControllerIteracoes.m in Sources */ = {isa = PBXBuildFile; fileRef = 57F084E61DF61CB80028E9B2 /* ViewControllerIteracoes.m */; };
		9C28EAF31D7F8E6C0078357F /* LoginViewController.m in Sources */ = {isa = PBXBuildFile; fileRef = 9C28EAF21D7F8E6C0078357F /* LoginViewController.m */; };
/* End PBXBuildFile section */

/* Begin PBXFileReference section */
		57072D951E084B7200C3131B /* ControllerAlterarSenha.h */ = {isa = PBXFileReference; fileEncoding = 4; lastKnownFileType = sourcecode.c.h; path = ControllerAlterarSenha.h; sourceTree = "<group>"; };
		57072D961E084B7200C3131B /* ControllerAlterarSenha.m */ = {isa = PBXFileReference; fileEncoding = 4; lastKnownFileType = sourcecode.c.objc; path = ControllerAlterarSenha.m; sourceTree = "<group>"; };
		57355F741DC9616C004A778C /* ViewControllerLivro.h */ = {isa = PBXFileReference; fileEncoding = 4; lastKnownFileType = sourcecode.c.h; path = ViewControllerLivro.h; sourceTree = "<group>"; };
		57355F751DC9616C004A778C /* ViewControllerLivro.m */ = {isa = PBXFileReference; fileEncoding = 4; lastKnownFileType = sourcecode.c.objc; path = ViewControllerLivro.m; sourceTree = "<group>"; };
		573B000F1DE4F0CB0024B1AB /* ViewControllerDetalheLivro.h */ = {isa = PBXFileReference; fileEncoding = 4; lastKnownFileType = sourcecode.c.h; path = ViewControllerDetalheLivro.h; sourceTree = "<group>"; };
		573B00101DE4F0CB0024B1AB /* ViewControllerDetalheLivro.m */ = {isa = PBXFileReference; fileEncoding = 4; lastKnownFileType = sourcecode.c.objc; path = ViewControllerDetalheLivro.m; sourceTree = "<group>"; };
		573B00121DE507E10024B1AB /* ViewControllerConfig.h */ = {isa = PBXFileReference; fileEncoding = 4; lastKnownFileType = sourcecode.c.h; path = ViewControllerConfig.h; sourceTree = "<group>"; };
		573B00131DE507E10024B1AB /* ViewControllerConfig.m */ = {isa = PBXFileReference; fileEncoding = 4; lastKnownFileType = sourcecode.c.objc; path = ViewControllerConfig.m; sourceTree = "<group>"; };
		573B00151DE50BB70024B1AB /* TableViewCellInteracoes.h */ = {isa = PBXFileReference; fileEncoding = 4; lastKnownFileType = sourcecode.c.h; path = TableViewCellInteracoes.h; sourceTree = "<group>"; };
		573B00161DE50BB70024B1AB /* TableViewCellInteracoes.m */ = {isa = PBXFileReference; fileEncoding = 4; lastKnownFileType = sourcecode.c.objc; path = TableViewCellInteracoes.m; sourceTree = "<group>"; };
		573B00171DE50BB70024B1AB /* TableViewCellInteracoes.xib */ = {isa = PBXFileReference; fileEncoding = 4; lastKnownFileType = file.xib; path = TableViewCellInteracoes.xib; sourceTree = "<group>"; };
		573B001A1DE50E390024B1AB /* TableViewControllerIteracoes.h */ = {isa = PBXFileReference; fileEncoding = 4; lastKnownFileType = sourcecode.c.h; path = TableViewControllerIteracoes.h; sourceTree = "<group>"; };
		573B001B1DE50E390024B1AB /* TableViewControllerIteracoes.m */ = {isa = PBXFileReference; fileEncoding = 4; lastKnownFileType = sourcecode.c.objc; path = TableViewControllerIteracoes.m; sourceTree = "<group>"; };
		578F85411DDD14B700EA5018 /* TableViewCellLivro.h */ = {isa = PBXFileReference; fileEncoding = 4; lastKnownFileType = sourcecode.c.h; path = TableViewCellLivro.h; sourceTree = "<group>"; };
		578F85421DDD14B700EA5018 /* TableViewCellLivro.m */ = {isa = PBXFileReference; fileEncoding = 4; lastKnownFileType = sourcecode.c.objc; path = TableViewCellLivro.m; sourceTree = "<group>"; };
		578F85431DDD14B700EA5018 /* TableViewCellLivro.xib */ = {isa = PBXFileReference; fileEncoding = 4; lastKnownFileType = file.xib; path = TableViewCellLivro.xib; sourceTree = "<group>"; };
		578F85461DDD25B400EA5018 /* TableViewControllerContatos.h */ = {isa = PBXFileReference; fileEncoding = 4; lastKnownFileType = sourcecode.c.h; path = TableViewControllerContatos.h; sourceTree = "<group>"; };
		578F85471DDD25B400EA5018 /* TableViewControllerContatos.m */ = {isa = PBXFileReference; fileEncoding = 4; lastKnownFileType = sourcecode.c.objc; path = TableViewControllerContatos.m; sourceTree = "<group>"; };
		578F85491DDD25E700EA5018 /* TableViewCellContato.h */ = {isa = PBXFileReference; fileEncoding = 4; lastKnownFileType = sourcecode.c.h; path = TableViewCellContato.h; sourceTree = "<group>"; };
		578F854A1DDD25E700EA5018 /* TableViewCellContato.m */ = {isa = PBXFileReference; fileEncoding = 4; lastKnownFileType = sourcecode.c.objc; path = TableViewCellContato.m; sourceTree = "<group>"; };
		578F854B1DDD25E700EA5018 /* TableViewCellContato.xib */ = {isa = PBXFileReference; fileEncoding = 4; lastKnownFileType = file.xib; path = TableViewCellContato.xib; sourceTree = "<group>"; };
		579F60991E033FE4006E1AE8 /* TableViewControllerEstanteEd.h */ = {isa = PBXFileReference; fileEncoding = 4; lastKnownFileType = sourcecode.c.h; path = TableViewControllerEstanteEd.h; sourceTree = "<group>"; };
		579F609A1E033FE4006E1AE8 /* TableViewControllerEstanteEd.m */ = {isa = PBXFileReference; fileEncoding = 4; lastKnownFileType = sourcecode.c.objc; path = TableViewControllerEstanteEd.m; sourceTree = "<group>"; };
		579F609C1E035AF5006E1AE8 /* ViewControllerImagem.h */ = {isa = PBXFileReference; fileEncoding = 4; lastKnownFileType = sourcecode.c.h; path = ViewControllerImagem.h; sourceTree = "<group>"; };
		579F609D1E035AF5006E1AE8 /* ViewControllerImagem.m */ = {isa = PBXFileReference; fileEncoding = 4; lastKnownFileType = sourcecode.c.objc; path = ViewControllerImagem.m; sourceTree = "<group>"; };
		57A7ECF71E04705300DCE9A1 /* Livro+CoreDataClass.h */ = {isa = PBXFileReference; fileEncoding = 4; lastKnownFileType = sourcecode.c.h; name = "Livro+CoreDataClass.h"; path = "../Livro+CoreDataClass.h"; sourceTree = "<group>"; };
		57A7ECF81E04705300DCE9A1 /* Livro+CoreDataClass.m */ = {isa = PBXFileReference; fileEncoding = 4; lastKnownFileType = sourcecode.c.objc; name = "Livro+CoreDataClass.m"; path = "../Livro+CoreDataClass.m"; sourceTree = "<group>"; };
		57A7ECF91E04705300DCE9A1 /* Livro+CoreDataProperties.h */ = {isa = PBXFileReference; fileEncoding = 4; lastKnownFileType = sourcecode.c.h; name = "Livro+CoreDataProperties.h"; path = "../Livro+CoreDataProperties.h"; sourceTree = "<group>"; };
		57A7ECFA1E04705300DCE9A1 /* Livro+CoreDataProperties.m */ = {isa = PBXFileReference; fileEncoding = 4; lastKnownFileType = sourcecode.c.objc; name = "Livro+CoreDataProperties.m"; path = "../Livro+CoreDataProperties.m"; sourceTree = "<group>"; };
		57A7ECFB1E04705300DCE9A1 /* Autor+CoreDataClass.h */ = {isa = PBXFileReference; fileEncoding = 4; lastKnownFileType = sourcecode.c.h; name = "Autor+CoreDataClass.h"; path = "../Autor+CoreDataClass.h"; sourceTree = "<group>"; };
		57A7ECFC1E04705300DCE9A1 /* Autor+CoreDataClass.m */ = {isa = PBXFileReference; fileEncoding = 4; lastKnownFileType = sourcecode.c.objc; name = "Autor+CoreDataClass.m"; path = "../Autor+CoreDataClass.m"; sourceTree = "<group>"; };
		57A7ECFD1E04705300DCE9A1 /* Autor+CoreDataProperties.h */ = {isa = PBXFileReference; fileEncoding = 4; lastKnownFileType = sourcecode.c.h; name = "Autor+CoreDataProperties.h"; path = "../Autor+CoreDataProperties.h"; sourceTree = "<group>"; };
		57A7ECFE1E04705300DCE9A1 /* Autor+CoreDataProperties.m */ = {isa = PBXFileReference; fileEncoding = 4; lastKnownFileType = sourcecode.c.objc; name = "Autor+CoreDataProperties.m"; path = "../Autor+CoreDataProperties.m"; sourceTree = "<group>"; };
		57A7ECFF1E04705300DCE9A1 /* Interacoes+CoreDataClass.h */ = {isa = PBXFileReference; fileEncoding = 4; lastKnownFileType = sourcecode.c.h; name = "Interacoes+CoreDataClass.h"; path = "../Interacoes+CoreDataClass.h"; sourceTree = "<group>"; };
		57A7ED001E04705300DCE9A1 /* Interacoes+CoreDataClass.m */ = {isa = PBXFileReference; fileEncoding = 4; lastKnownFileType = sourcecode.c.objc; name = "Interacoes+CoreDataClass.m"; path = "../Interacoes+CoreDataClass.m"; sourceTree = "<group>"; };
		57A7ED011E04705300DCE9A1 /* Interacoes+CoreDataProperties.h */ = {isa = PBXFileReference; fileEncoding = 4; lastKnownFileType = sourcecode.c.h; name = "Interacoes+CoreDataProperties.h"; path = "../Interacoes+CoreDataProperties.h"; sourceTree = "<group>"; };
		57A7ED021E04705300DCE9A1 /* Interacoes+CoreDataProperties.m */ = {isa = PBXFileReference; fileEncoding = 4; lastKnownFileType = sourcecode.c.objc; name = "Interacoes+CoreDataProperties.m"; path = "../Interacoes+CoreDataProperties.m"; sourceTree = "<group>"; };
		57A7ED031E04705300DCE9A1 /* Usuario+CoreDataClass.h */ = {isa = PBXFileReference; fileEncoding = 4; lastKnownFileType = sourcecode.c.h; name = "Usuario+CoreDataClass.h"; path = "../Usuario+CoreDataClass.h"; sourceTree = "<group>"; };
		57A7ED041E04705300DCE9A1 /* Usuario+CoreDataClass.m */ = {isa = PBXFileReference; fileEncoding = 4; lastKnownFileType = sourcecode.c.objc; name = "Usuario+CoreDataClass.m"; path = "../Usuario+CoreDataClass.m"; sourceTree = "<group>"; };
		57A7ED051E04705300DCE9A1 /* Usuario+CoreDataProperties.h */ = {isa = PBXFileReference; fileEncoding = 4; lastKnownFileType = sourcecode.c.h; name = "Usuario+CoreDataProperties.h"; path = "../Usuario+CoreDataProperties.h"; sourceTree = "<group>"; };
		57A7ED061E04705300DCE9A1 /* Usuario+CoreDataProperties.m */ = {isa = PBXFileReference; fileEncoding = 4; lastKnownFileType = sourcecode.c.objc; name = "Usuario+CoreDataProperties.m"; path = "../Usuario+CoreDataProperties.m"; sourceTree = "<group>"; };
		57B151961D5BF434006C6560 /* LivroEmprestator.app */ = {isa = PBXFileReference; explicitFileType = wrapper.application; includeInIndex = 0; path = LivroEmprestator.app; sourceTree = BUILT_PRODUCTS_DIR; };
		57B1519A1D5BF434006C6560 /* main.m */ = {isa = PBXFileReference; lastKnownFileType = sourcecode.c.objc; path = main.m; sourceTree = "<group>"; };
		57B1519C1D5BF434006C6560 /* AppDelegate.h */ = {isa = PBXFileReference; lastKnownFileType = sourcecode.c.h; path = AppDelegate.h; sourceTree = "<group>"; };
		57B1519D1D5BF434006C6560 /* AppDelegate.m */ = {isa = PBXFileReference; lastKnownFileType = sourcecode.c.objc; path = AppDelegate.m; sourceTree = "<group>"; };
		57B1519F1D5BF434006C6560 /* ViewController.h */ = {isa = PBXFileReference; lastKnownFileType = sourcecode.c.h; path = ViewController.h; sourceTree = "<group>"; };
		57B151A01D5BF434006C6560 /* ViewController.m */ = {isa = PBXFileReference; lastKnownFileType = sourcecode.c.objc; path = ViewController.m; sourceTree = "<group>"; };
		57B151A31D5BF434006C6560 /* Base */ = {isa = PBXFileReference; lastKnownFileType = file.storyboard; name = Base; path = Base.lproj/Main.storyboard; sourceTree = "<group>"; };
		57B151A61D5BF434006C6560 /* LivroEmprestator.xcdatamodel */ = {isa = PBXFileReference; lastKnownFileType = wrapper.xcdatamodel; path = LivroEmprestator.xcdatamodel; sourceTree = "<group>"; };
		57B151A81D5BF434006C6560 /* Assets.xcassets */ = {isa = PBXFileReference; lastKnownFileType = folder.assetcatalog; path = Assets.xcassets; sourceTree = "<group>"; };
		57B151AB1D5BF434006C6560 /* Base */ = {isa = PBXFileReference; lastKnownFileType = file.storyboard; name = Base; path = Base.lproj/LaunchScreen.storyboard; sourceTree = "<group>"; };
		57B151AD1D5BF434006C6560 /* Info.plist */ = {isa = PBXFileReference; lastKnownFileType = text.plist.xml; path = Info.plist; sourceTree = "<group>"; };
		57BB90FF1DF8CB5900F3D833 /* ViewControllerUsuario2.h */ = {isa = PBXFileReference; fileEncoding = 4; lastKnownFileType = sourcecode.c.h; path = ViewControllerUsuario2.h; sourceTree = "<group>"; };
		57BB91001DF8CB5900F3D833 /* ViewControllerUsuario2.m */ = {isa = PBXFileReference; fileEncoding = 4; lastKnownFileType = sourcecode.c.objc; path = ViewControllerUsuario2.m; sourceTree = "<group>"; };
		57D1B29C1DC0055A00BD7068 /* LivroEmprestator-Bridging-Header.h */ = {isa = PBXFileReference; lastKnownFileType = sourcecode.c.h; path = "LivroEmprestator-Bridging-Header.h"; sourceTree = "<group>"; };
		57D1B2D61DC010F600BD7068 /* ViewControllerUsuario.h */ = {isa = PBXFileReference; fileEncoding = 4; lastKnownFileType = sourcecode.c.h; path = ViewControllerUsuario.h; sourceTree = "<group>"; };
		57D1B2D71DC010F600BD7068 /* ViewControllerUsuario.m */ = {isa = PBXFileReference; fileEncoding = 4; lastKnownFileType = sourcecode.c.objc; path = ViewControllerUsuario.m; sourceTree = "<group>"; };
		57D8F10C1DD1187F0031C818 /* TableViewControllerListaLivros.h */ = {isa = PBXFileReference; fileEncoding = 4; lastKnownFileType = sourcecode.c.h; path = TableViewControllerListaLivros.h; sourceTree = "<group>"; };
		57D8F10D1DD1187F0031C818 /* TableViewControllerListaLivros.m */ = {isa = PBXFileReference; fileEncoding = 4; lastKnownFileType = sourcecode.c.objc; path = TableViewControllerListaLivros.m; sourceTree = "<group>"; };
		57DDDC361DF77BF500502FE8 /* ViewControllerDetalheUsuario.h */ = {isa = PBXFileReference; fileEncoding = 4; lastKnownFileType = sourcecode.c.h; path = ViewControllerDetalheUsuario.h; sourceTree = "<group>"; };
		57DDDC371DF77BF500502FE8 /* ViewControllerDetalheUsuario.m */ = {isa = PBXFileReference; fileEncoding = 4; lastKnownFileType = sourcecode.c.objc; path = ViewControllerDetalheUsuario.m; sourceTree = "<group>"; };
		57ECD0761E00982600FF5565 /* CollectionViewControllerEstante.h */ = {isa = PBXFileReference; fileEncoding = 4; lastKnownFileType = sourcecode.c.h; path = CollectionViewControllerEstante.h; sourceTree = "<group>"; };
		57ECD0771E00982600FF5565 /* CollectionViewControllerEstante.m */ = {isa = PBXFileReference; fileEncoding = 4; lastKnownFileType = sourcecode.c.objc; path = CollectionViewControllerEstante.m; sourceTree = "<group>"; };
		57ECD0791E009D1300FF5565 /* CollectionViewCellEstante.h */ = {isa = PBXFileReference; fileEncoding = 4; lastKnownFileType = sourcecode.c.h; path = CollectionViewCellEstante.h; sourceTree = "<group>"; };
		57ECD07A1E009D1300FF5565 /* CollectionViewCellEstante.m */ = {isa = PBXFileReference; fileEncoding = 4; lastKnownFileType = sourcecode.c.objc; path = CollectionViewCellEstante.m; sourceTree = "<group>"; };
		57ECD07B1E009D1300FF5565 /* CollectionViewCellEstante.xib */ = {isa = PBXFileReference; fileEncoding = 4; lastKnownFileType = file.xib; path = CollectionViewCellEstante.xib; sourceTree = "<group>"; };
		57EFE8661E01EDE7003C4997 /* MapKit.framework */ = {isa = PBXFileReference; lastKnownFileType = wrapper.framework; name = MapKit.framework; path = System/Library/Frameworks/MapKit.framework; sourceTree = SDKROOT; };
		57EFE8681E01EEE1003C4997 /* ViewControllerMap.h */ = {isa = PBXFileReference; fileEncoding = 4; lastKnownFileType = sourcecode.c.h; path = ViewControllerMap.h; sourceTree = "<group>"; };
		57EFE8691E01EEE1003C4997 /* ViewControllerMap.m */ = {isa = PBXFileReference; fileEncoding = 4; lastKnownFileType = sourcecode.c.objc; path = ViewControllerMap.m; sourceTree = "<group>"; };
		57F084E51DF61CB80028E9B2 /* ViewControllerIteracoes.h */ = {isa = PBXFileReference; fileEncoding = 4; lastKnownFileType = sourcecode.c.h; path = ViewControllerIteracoes.h; sourceTree = "<group>"; };
		57F084E61DF61CB80028E9B2 /* ViewControllerIteracoes.m */ = {isa = PBXFileReference; fileEncoding = 4; lastKnownFileType = sourcecode.c.objc; path = ViewControllerIteracoes.m; sourceTree = "<group>"; };
		9C28EAF11D7F8E6C0078357F /* LoginViewController.h */ = {isa = PBXFileReference; fileEncoding = 4; lastKnownFileType = sourcecode.c.h; path = LoginViewController.h; sourceTree = "<group>"; };
		9C28EAF21D7F8E6C0078357F /* LoginViewController.m */ = {isa = PBXFileReference; fileEncoding = 4; lastKnownFileType = sourcecode.c.objc; path = LoginViewController.m; sourceTree = "<group>"; };
/* End PBXFileReference section */

/* Begin PBXFrameworksBuildPhase section */
		57B151931D5BF434006C6560 /* Frameworks */ = {
			isa = PBXFrameworksBuildPhase;
			buildActionMask = 2147483647;
			files = (
				57EFE8671E01EDE7003C4997 /* MapKit.framework in Frameworks */,
			);
			runOnlyForDeploymentPostprocessing = 0;
		};
/* End PBXFrameworksBuildPhase section */

/* Begin PBXGroup section */
		57B1518D1D5BF434006C6560 = {
			isa = PBXGroup;
			children = (
				57B151981D5BF434006C6560 /* LivroEmprestator */,
				57B151971D5BF434006C6560 /* Products */,
				57D1B29C1DC0055A00BD7068 /* LivroEmprestator-Bridging-Header.h */,
				57EFE8651E01EDE6003C4997 /* Frameworks */,
			);
			sourceTree = "<group>";
		};
		57B151971D5BF434006C6560 /* Products */ = {
			isa = PBXGroup;
			children = (
				57B151961D5BF434006C6560 /* LivroEmprestator.app */,
			);
			name = Products;
			sourceTree = "<group>";
		};
		57B151981D5BF434006C6560 /* LivroEmprestator */ = {
			isa = PBXGroup;
			children = (
				57D1B2B11DC0074600BD7068 /* Entidades */,
				9C28EAF11D7F8E6C0078357F /* LoginViewController.h */,
				9C28EAF21D7F8E6C0078357F /* LoginViewController.m */,
				57B1519C1D5BF434006C6560 /* AppDelegate.h */,
				57B1519D1D5BF434006C6560 /* AppDelegate.m */,
				57B1519F1D5BF434006C6560 /* ViewController.h */,
				57B151A01D5BF434006C6560 /* ViewController.m */,
				57B151A21D5BF434006C6560 /* Main.storyboard */,
				57B151A81D5BF434006C6560 /* Assets.xcassets */,
				57B151AA1D5BF434006C6560 /* LaunchScreen.storyboard */,
				57B151AD1D5BF434006C6560 /* Info.plist */,
				57B151A51D5BF434006C6560 /* LivroEmprestator.xcdatamodeld */,
				57B151991D5BF434006C6560 /* Supporting Files */,
			);
			path = LivroEmprestator;
			sourceTree = "<group>";
		};
		57B151991D5BF434006C6560 /* Supporting Files */ = {
			isa = PBXGroup;
			children = (
				57B1519A1D5BF434006C6560 /* main.m */,
				57D1B2D61DC010F600BD7068 /* ViewControllerUsuario.h */,
				57D1B2D71DC010F600BD7068 /* ViewControllerUsuario.m */,
				57BB90FF1DF8CB5900F3D833 /* ViewControllerUsuario2.h */,
				57BB91001DF8CB5900F3D833 /* ViewControllerUsuario2.m */,
				57355F741DC9616C004A778C /* ViewControllerLivro.h */,
				57355F751DC9616C004A778C /* ViewControllerLivro.m */,
				57D8F10C1DD1187F0031C818 /* TableViewControllerListaLivros.h */,
				57D8F10D1DD1187F0031C818 /* TableViewControllerListaLivros.m */,
				578F85411DDD14B700EA5018 /* TableViewCellLivro.h */,
				578F85421DDD14B700EA5018 /* TableViewCellLivro.m */,
				578F85431DDD14B700EA5018 /* TableViewCellLivro.xib */,
				578F85461DDD25B400EA5018 /* TableViewControllerContatos.h */,
				578F85471DDD25B400EA5018 /* TableViewControllerContatos.m */,
				578F85491DDD25E700EA5018 /* TableViewCellContato.h */,
				578F854A1DDD25E700EA5018 /* TableViewCellContato.m */,
				578F854B1DDD25E700EA5018 /* TableViewCellContato.xib */,
				573B000F1DE4F0CB0024B1AB /* ViewControllerDetalheLivro.h */,
				573B00101DE4F0CB0024B1AB /* ViewControllerDetalheLivro.m */,
				573B00121DE507E10024B1AB /* ViewControllerConfig.h */,
				573B00131DE507E10024B1AB /* ViewControllerConfig.m */,
				573B00151DE50BB70024B1AB /* TableViewCellInteracoes.h */,
				573B00161DE50BB70024B1AB /* TableViewCellInteracoes.m */,
				573B00171DE50BB70024B1AB /* TableViewCellInteracoes.xib */,
				573B001A1DE50E390024B1AB /* TableViewControllerIteracoes.h */,
				573B001B1DE50E390024B1AB /* TableViewControllerIteracoes.m */,
				57F084E51DF61CB80028E9B2 /* ViewControllerIteracoes.h */,
				57F084E61DF61CB80028E9B2 /* ViewControllerIteracoes.m */,
				57DDDC361DF77BF500502FE8 /* ViewControllerDetalheUsuario.h */,
				57DDDC371DF77BF500502FE8 /* ViewControllerDetalheUsuario.m */,
				57ECD0761E00982600FF5565 /* CollectionViewControllerEstante.h */,
				57ECD0771E00982600FF5565 /* CollectionViewControllerEstante.m */,
				57ECD0791E009D1300FF5565 /* CollectionViewCellEstante.h */,
				57ECD07A1E009D1300FF5565 /* CollectionViewCellEstante.m */,
				57ECD07B1E009D1300FF5565 /* CollectionViewCellEstante.xib */,
				57EFE8681E01EEE1003C4997 /* ViewControllerMap.h */,
				57EFE8691E01EEE1003C4997 /* ViewControllerMap.m */,
				579F60991E033FE4006E1AE8 /* TableViewControllerEstanteEd.h */,
				579F609A1E033FE4006E1AE8 /* TableViewControllerEstanteEd.m */,
				579F609C1E035AF5006E1AE8 /* ViewControllerImagem.h */,
				579F609D1E035AF5006E1AE8 /* ViewControllerImagem.m */,
				57072D951E084B7200C3131B /* ControllerAlterarSenha.h */,
				57072D961E084B7200C3131B /* ControllerAlterarSenha.m */,
			);
			name = "Supporting Files";
			sourceTree = "<group>";
		};
		57D1B2B11DC0074600BD7068 /* Entidades */ = {
			isa = PBXGroup;
			children = (
				57A7ECF71E04705300DCE9A1 /* Livro+CoreDataClass.h */,
				57A7ECF81E04705300DCE9A1 /* Livro+CoreDataClass.m */,
				57A7ECF91E04705300DCE9A1 /* Livro+CoreDataProperties.h */,
				57A7ECFA1E04705300DCE9A1 /* Livro+CoreDataProperties.m */,
				57A7ECFB1E04705300DCE9A1 /* Autor+CoreDataClass.h */,
				57A7ECFC1E04705300DCE9A1 /* Autor+CoreDataClass.m */,
				57A7ECFD1E04705300DCE9A1 /* Autor+CoreDataProperties.h */,
				57A7ECFE1E04705300DCE9A1 /* Autor+CoreDataProperties.m */,
				57A7ECFF1E04705300DCE9A1 /* Interacoes+CoreDataClass.h */,
				57A7ED001E04705300DCE9A1 /* Interacoes+CoreDataClass.m */,
				57A7ED011E04705300DCE9A1 /* Interacoes+CoreDataProperties.h */,
				57A7ED021E04705300DCE9A1 /* Interacoes+CoreDataProperties.m */,
				57A7ED031E04705300DCE9A1 /* Usuario+CoreDataClass.h */,
				57A7ED041E04705300DCE9A1 /* Usuario+CoreDataClass.m */,
				57A7ED051E04705300DCE9A1 /* Usuario+CoreDataProperties.h */,
				57A7ED061E04705300DCE9A1 /* Usuario+CoreDataProperties.m */,
			);
			name = Entidades;
			sourceTree = "<group>";
		};
		57EFE8651E01EDE6003C4997 /* Frameworks */ = {
			isa = PBXGroup;
			children = (
				57EFE8661E01EDE7003C4997 /* MapKit.framework */,
			);
			name = Frameworks;
			sourceTree = "<group>";
		};
/* End PBXGroup section */

/* Begin PBXNativeTarget section */
		57B151951D5BF434006C6560 /* LivroEmprestator */ = {
			isa = PBXNativeTarget;
			buildConfigurationList = 57B151B01D5BF434006C6560 /* Build configuration list for PBXNativeTarget "LivroEmprestator" */;
			buildPhases = (
				57B151921D5BF434006C6560 /* Sources */,
				57B151931D5BF434006C6560 /* Frameworks */,
				57B151941D5BF434006C6560 /* Resources */,
			);
			buildRules = (
			);
			dependencies = (
			);
			name = LivroEmprestator;
			productName = LivroEmprestator;
			productReference = 57B151961D5BF434006C6560 /* LivroEmprestator.app */;
			productType = "com.apple.product-type.application";
		};
/* End PBXNativeTarget section */

/* Begin PBXProject section */
		57B1518E1D5BF434006C6560 /* Project object */ = {
			isa = PBXProject;
			attributes = {
				LastUpgradeCheck = 0800;
				ORGANIZATIONNAME = IESB;
				TargetAttributes = {
					57B151951D5BF434006C6560 = {
						CreatedOnToolsVersion = 7.3.1;
						LastSwiftMigration = 0800;
					};
				};
			};
			buildConfigurationList = 57B151911D5BF434006C6560 /* Build configuration list for PBXProject "LivroEmprestator" */;
			compatibilityVersion = "Xcode 3.2";
			developmentRegion = English;
			hasScannedForEncodings = 0;
			knownRegions = (
				en,
				Base,
			);
			mainGroup = 57B1518D1D5BF434006C6560;
			productRefGroup = 57B151971D5BF434006C6560 /* Products */;
			projectDirPath = "";
			projectRoot = "";
			targets = (
				57B151951D5BF434006C6560 /* LivroEmprestator */,
			);
		};
/* End PBXProject section */

/* Begin PBXResourcesBuildPhase section */
		57B151941D5BF434006C6560 /* Resources */ = {
			isa = PBXResourcesBuildPhase;
			buildActionMask = 2147483647;
			files = (
				578F854D1DDD25E700EA5018 /* TableViewCellContato.xib in Resources */,
				57B151AC1D5BF434006C6560 /* LaunchScreen.storyboard in Resources */,
				57B151A91D5BF434006C6560 /* Assets.xcassets in Resources */,
				578F85451DDD14B700EA5018 /* TableViewCellLivro.xib in Resources */,
				57ECD07D1E009D1300FF5565 /* CollectionViewCellEstante.xib in Resources */,
				573B00191DE50BB70024B1AB /* TableViewCellInteracoes.xib in Resources */,
				57B151A41D5BF434006C6560 /* Main.storyboard in Resources */,
			);
			runOnlyForDeploymentPostprocessing = 0;
		};
/* End PBXResourcesBuildPhase section */

/* Begin PBXSourcesBuildPhase section */
		57B151921D5BF434006C6560 /* Sources */ = {
			isa = PBXSourcesBuildPhase;
			buildActionMask = 2147483647;
			files = (
				578F854C1DDD25E700EA5018 /* TableViewCellContato.m in Sources */,
				57F084E71DF61CB80028E9B2 /* ViewControllerIteracoes.m in Sources */,
				57D8F10E1DD1187F0031C818 /* TableViewControllerListaLivros.m in Sources */,
				57A7ED0B1E04705300DCE9A1 /* Interacoes+CoreDataClass.m in Sources */,
				579F609E1E035AF5006E1AE8 /* ViewControllerImagem.m in Sources */,
				57072D971E084B7200C3131B /* ControllerAlterarSenha.m in Sources */,
				578F85441DDD14B700EA5018 /* TableViewCellLivro.m in Sources */,
				57B151A11D5BF434006C6560 /* ViewController.m in Sources */,
				57B1519E1D5BF434006C6560 /* AppDelegate.m in Sources */,
				57B1519B1D5BF434006C6560 /* main.m in Sources */,
				9C28EAF31D7F8E6C0078357F /* LoginViewController.m in Sources */,
				57BB91011DF8CB5900F3D833 /* ViewControllerUsuario2.m in Sources */,
				573B00111DE4F0CB0024B1AB /* ViewControllerDetalheLivro.m in Sources */,
				57D1B2D81DC010F600BD7068 /* ViewControllerUsuario.m in Sources */,
				57EFE86A1E01EEE1003C4997 /* ViewControllerMap.m in Sources */,
				57ECD0781E00982600FF5565 /* CollectionViewControllerEstante.m in Sources */,
				57A7ED0E1E04705300DCE9A1 /* Usuario+CoreDataProperties.m in Sources */,
				57A7ED081E04705300DCE9A1 /* Livro+CoreDataProperties.m in Sources */,
				579F609B1E033FE4006E1AE8 /* TableViewControllerEstanteEd.m in Sources */,
				573B00141DE507E10024B1AB /* ViewControllerConfig.m in Sources */,
				57355F761DC9616C004A778C /* ViewControllerLivro.m in Sources */,
				57B151A71D5BF434006C6560 /* LivroEmprestator.xcdatamodeld in Sources */,
				57DDDC381DF77BF500502FE8 /* ViewControllerDetalheUsuario.m in Sources */,
				573B00181DE50BB70024B1AB /* TableViewCellInteracoes.m in Sources */,
				57A7ED0A1E04705300DCE9A1 /* Autor+CoreDataProperties.m in Sources */,
				578F85481DDD25B400EA5018 /* TableViewControllerContatos.m in Sources */,
				57A7ED0C1E04705300DCE9A1 /* Interacoes+CoreDataProperties.m in Sources */,
				573B001C1DE50E390024B1AB /* TableViewControllerIteracoes.m in Sources */,
				57A7ED071E04705300DCE9A1 /* Livro+CoreDataClass.m in Sources */,
				57ECD07C1E009D1300FF5565 /* CollectionViewCellEstante.m in Sources */,
				57A7ED0D1E04705300DCE9A1 /* Usuario+CoreDataClass.m in Sources */,
				57A7ED091E04705300DCE9A1 /* Autor+CoreDataClass.m in Sources */,
			);
			runOnlyForDeploymentPostprocessing = 0;
		};
/* End PBXSourcesBuildPhase section */

/* Begin PBXVariantGroup section */
		57B151A21D5BF434006C6560 /* Main.storyboard */ = {
			isa = PBXVariantGroup;
			children = (
				57B151A31D5BF434006C6560 /* Base */,
			);
			name = Main.storyboard;
			sourceTree = "<group>";
		};
		57B151AA1D5BF434006C6560 /* LaunchScreen.storyboard */ = {
			isa = PBXVariantGroup;
			children = (
				57B151AB1D5BF434006C6560 /* Base */,
			);
			name = LaunchScreen.storyboard;
			sourceTree = "<group>";
		};
/* End PBXVariantGroup section */

/* Begin XCBuildConfiguration section */
		57B151AE1D5BF434006C6560 /* Debug */ = {
			isa = XCBuildConfiguration;
			buildSettings = {
				ALWAYS_SEARCH_USER_PATHS = NO;
				CLANG_ANALYZER_NONNULL = YES;
				CLANG_CXX_LANGUAGE_STANDARD = "gnu++0x";
				CLANG_CXX_LIBRARY = "libc++";
				CLANG_ENABLE_MODULES = YES;
				CLANG_ENABLE_OBJC_ARC = YES;
				CLANG_WARN_BOOL_CONVERSION = YES;
				CLANG_WARN_CONSTANT_CONVERSION = YES;
				CLANG_WARN_DIRECT_OBJC_ISA_USAGE = YES_ERROR;
				CLANG_WARN_EMPTY_BODY = YES;
				CLANG_WARN_ENUM_CONVERSION = YES;
				CLANG_WARN_INFINITE_RECURSION = YES;
				CLANG_WARN_INT_CONVERSION = YES;
				CLANG_WARN_OBJC_ROOT_CLASS = YES_ERROR;
				CLANG_WARN_SUSPICIOUS_MOVE = YES;
				CLANG_WARN_UNREACHABLE_CODE = YES;
				CLANG_WARN__DUPLICATE_METHOD_MATCH = YES;
				"CODE_SIGN_IDENTITY[sdk=iphoneos*]" = "iPhone Developer";
				COPY_PHASE_STRIP = NO;
				DEBUG_INFORMATION_FORMAT = dwarf;
				ENABLE_STRICT_OBJC_MSGSEND = YES;
				ENABLE_TESTABILITY = YES;
				GCC_C_LANGUAGE_STANDARD = gnu99;
				GCC_DYNAMIC_NO_PIC = NO;
				GCC_NO_COMMON_BLOCKS = YES;
				GCC_OPTIMIZATION_LEVEL = 0;
				GCC_PREPROCESSOR_DEFINITIONS = (
					"DEBUG=1",
					"$(inherited)",
				);
				GCC_WARN_64_TO_32_BIT_CONVERSION = YES;
				GCC_WARN_ABOUT_RETURN_TYPE = YES_ERROR;
				GCC_WARN_UNDECLARED_SELECTOR = YES;
				GCC_WARN_UNINITIALIZED_AUTOS = YES_AGGRESSIVE;
				GCC_WARN_UNUSED_FUNCTION = YES;
				GCC_WARN_UNUSED_VARIABLE = YES;
				IPHONEOS_DEPLOYMENT_TARGET = 9.3;
				MTL_ENABLE_DEBUG_INFO = YES;
				ONLY_ACTIVE_ARCH = YES;
				SDKROOT = iphoneos;
				TARGETED_DEVICE_FAMILY = "1,2";
			};
			name = Debug;
		};
		57B151AF1D5BF434006C6560 /* Release */ = {
			isa = XCBuildConfiguration;
			buildSettings = {
				ALWAYS_SEARCH_USER_PATHS = NO;
				CLANG_ANALYZER_NONNULL = YES;
				CLANG_CXX_LANGUAGE_STANDARD = "gnu++0x";
				CLANG_CXX_LIBRARY = "libc++";
				CLANG_ENABLE_MODULES = YES;
				CLANG_ENABLE_OBJC_ARC = YES;
				CLANG_WARN_BOOL_CONVERSION = YES;
				CLANG_WARN_CONSTANT_CONVERSION = YES;
				CLANG_WARN_DIRECT_OBJC_ISA_USAGE = YES_ERROR;
				CLANG_WARN_EMPTY_BODY = YES;
				CLANG_WARN_ENUM_CONVERSION = YES;
				CLANG_WARN_INFINITE_RECURSION = YES;
				CLANG_WARN_INT_CONVERSION = YES;
				CLANG_WARN_OBJC_ROOT_CLASS = YES_ERROR;
				CLANG_WARN_SUSPICIOUS_MOVE = YES;
				CLANG_WARN_UNREACHABLE_CODE = YES;
				CLANG_WARN__DUPLICATE_METHOD_MATCH = YES;
				"CODE_SIGN_IDENTITY[sdk=iphoneos*]" = "iPhone Developer";
				COPY_PHASE_STRIP = NO;
				DEBUG_INFORMATION_FORMAT = "dwarf-with-dsym";
				ENABLE_NS_ASSERTIONS = NO;
				ENABLE_STRICT_OBJC_MSGSEND = YES;
				GCC_C_LANGUAGE_STANDARD = gnu99;
				GCC_NO_COMMON_BLOCKS = YES;
				GCC_WARN_64_TO_32_BIT_CONVERSION = YES;
				GCC_WARN_ABOUT_RETURN_TYPE = YES_ERROR;
				GCC_WARN_UNDECLARED_SELECTOR = YES;
				GCC_WARN_UNINITIALIZED_AUTOS = YES_AGGRESSIVE;
				GCC_WARN_UNUSED_FUNCTION = YES;
				GCC_WARN_UNUSED_VARIABLE = YES;
				IPHONEOS_DEPLOYMENT_TARGET = 9.3;
				MTL_ENABLE_DEBUG_INFO = NO;
				SDKROOT = iphoneos;
				TARGETED_DEVICE_FAMILY = "1,2";
				VALIDATE_PRODUCT = YES;
			};
			name = Release;
		};
		57B151B11D5BF434006C6560 /* Debug */ = {
			isa = XCBuildConfiguration;
			buildSettings = {
				ASSETCATALOG_COMPILER_APPICON_NAME = AppIcon;
				CLANG_ENABLE_MODULES = YES;
				INFOPLIST_FILE = LivroEmprestator/Info.plist;
				IPHONEOS_DEPLOYMENT_TARGET = 9.2;
				LD_RUNPATH_SEARCH_PATHS = "$(inherited) @executable_path/Frameworks";
				PRODUCT_BUNDLE_IDENTIFIER = br.iesb.LivroEmprestator;
				PRODUCT_NAME = "$(TARGET_NAME)";
				SWIFT_OBJC_BRIDGING_HEADER = "LivroEmprestator-Bridging-Header.h";
				SWIFT_OPTIMIZATION_LEVEL = "-Onone";
				SWIFT_VERSION = 3.0;
			};
			name = Debug;
		};
		57B151B21D5BF434006C6560 /* Release */ = {
			isa = XCBuildConfiguration;
			buildSettings = {
				ASSETCATALOG_COMPILER_APPICON_NAME = AppIcon;
				CLANG_ENABLE_MODULES = YES;
				INFOPLIST_FILE = LivroEmprestator/Info.plist;
				IPHONEOS_DEPLOYMENT_TARGET = 9.2;
				LD_RUNPATH_SEARCH_PATHS = "$(inherited) @executable_path/Frameworks";
				PRODUCT_BUNDLE_IDENTIFIER = br.iesb.LivroEmprestator;
				PRODUCT_NAME = "$(TARGET_NAME)";
				SWIFT_OBJC_BRIDGING_HEADER = "LivroEmprestator-Bridging-Header.h";
				SWIFT_VERSION = 3.0;
			};
			name = Release;
		};
/* End XCBuildConfiguration section */

/* Begin XCConfigurationList section */
		57B151911D5BF434006C6560 /* Build configuration list for PBXProject "LivroEmprestator" */ = {
			isa = XCConfigurationList;
			buildConfigurations = (
				57B151AE1D5BF434006C6560 /* Debug */,
				57B151AF1D5BF434006C6560 /* Release */,
			);
			defaultConfigurationIsVisible = 0;
			defaultConfigurationName = Release;
		};
		57B151B01D5BF434006C6560 /* Build configuration list for PBXNativeTarget "LivroEmprestator" */ = {
			isa = XCConfigurationList;
			buildConfigurations = (
				57B151B11D5BF434006C6560 /* Debug */,
				57B151B21D5BF434006C6560 /* Release */,
			);
			defaultConfigurationIsVisible = 0;
			defaultConfigurationName = Release;
		};
/* End XCConfigurationList section */

/* Begin XCVersionGroup section */
		57B151A51D5BF434006C6560 /* LivroEmprestator.xcdatamodeld */ = {
			isa = XCVersionGroup;
			children = (
				57B151A61D5BF434006C6560 /* LivroEmprestator.xcdatamodel */,
			);
			currentVersion = 57B151A61D5BF434006C6560 /* LivroEmprestator.xcdatamodel */;
			path = LivroEmprestator.xcdatamodeld;
			sourceTree = "<group>";
			versionGroupType = wrapper.xcdatamodel;
		};
/* End XCVersionGroup section */
	};
	rootObject = 57B1518E1D5BF434006C6560 /* Project object */;
}
