// !$*UTF8*$!
{
	archiveVersion = 1;
	classes = {
	};
	objectVersion = 46;
	objects = {

/* Begin PBXBuildFile section */
		579D9CBF1D9C911E00F10E55 /* main.m in Sources */ = {isa = PBXBuildFile; fileRef = 579D9CBE1D9C911E00F10E55 /* main.m */; };
		579D9CC21D9C911E00F10E55 /* AppDelegate.m in Sources */ = {isa = PBXBuildFile; fileRef = 579D9CC11D9C911E00F10E55 /* AppDelegate.m */; };
		579D9CC51D9C911E00F10E55 /* ViewController.m in Sources */ = {isa = PBXBuildFile; fileRef = 579D9CC41D9C911E00F10E55 /* ViewController.m */; };
		579D9CC81D9C911E00F10E55 /* Main.storyboard in Resources */ = {isa = PBXBuildFile; fileRef = 579D9CC61D9C911E00F10E55 /* Main.storyboard */; };
		579D9CCA1D9C911E00F10E55 /* Assets.xcassets in Resources */ = {isa = PBXBuildFile; fileRef = 579D9CC91D9C911E00F10E55 /* Assets.xcassets */; };
		579D9CCD1D9C911E00F10E55 /* LaunchScreen.storyboard in Resources */ = {isa = PBXBuildFile; fileRef = 579D9CCB1D9C911E00F10E55 /* LaunchScreen.storyboard */; };
		57FCBAD31DA47A460061CC4D /* carroceria.m in Sources */ = {isa = PBXBuildFile; fileRef = 57FCBAD21DA47A460061CC4D /* carroceria.m */; };
		57FCBAD61DA47A730061CC4D /* portas.m in Sources */ = {isa = PBXBuildFile; fileRef = 57FCBAD51DA47A730061CC4D /* portas.m */; };
		57FCBAD91DA47A8A0061CC4D /* capo.m in Sources */ = {isa = PBXBuildFile; fileRef = 57FCBAD81DA47A8A0061CC4D /* capo.m */; };
		57FCBADC1DA47AA70061CC4D /* tampaPortaMalas.m in Sources */ = {isa = PBXBuildFile; fileRef = 57FCBADB1DA47AA70061CC4D /* tampaPortaMalas.m */; };
		57FCBADF1DA47AB30061CC4D /* roda.m in Sources */ = {isa = PBXBuildFile; fileRef = 57FCBADE1DA47AB30061CC4D /* roda.m */; };
		57FCBAE21DA47AC40061CC4D /* motor.m in Sources */ = {isa = PBXBuildFile; fileRef = 57FCBAE11DA47AC40061CC4D /* motor.m */; };
		57FCBAE51DA47AD40061CC4D /* painel.m in Sources */ = {isa = PBXBuildFile; fileRef = 57FCBAE41DA47AD40061CC4D /* painel.m */; };
		57FCBAE81DA47AEE0061CC4D /* bancosDianteiros.m in Sources */ = {isa = PBXBuildFile; fileRef = 57FCBAE71DA47AEE0061CC4D /* bancosDianteiros.m */; };
		57FCBAEB1DA47B060061CC4D /* bancosTraseiros.m in Sources */ = {isa = PBXBuildFile; fileRef = 57FCBAEA1DA47B060061CC4D /* bancosTraseiros.m */; };
		57FCBAEE1DA47B150061CC4D /* cintoSeguranca.m in Sources */ = {isa = PBXBuildFile; fileRef = 57FCBAED1DA47B150061CC4D /* cintoSeguranca.m */; };
		57FCBAF11DA47B270061CC4D /* airBag.m in Sources */ = {isa = PBXBuildFile; fileRef = 57FCBAF01DA47B270061CC4D /* airBag.m */; };
/* End PBXBuildFile section */

/* Begin PBXFileReference section */
		579D9CBA1D9C911E00F10E55 /* exercicio2.app */ = {isa = PBXFileReference; explicitFileType = wrapper.application; includeInIndex = 0; path = exercicio2.app; sourceTree = BUILT_PRODUCTS_DIR; };
		579D9CBE1D9C911E00F10E55 /* main.m */ = {isa = PBXFileReference; lastKnownFileType = sourcecode.c.objc; path = main.m; sourceTree = "<group>"; };
		579D9CC01D9C911E00F10E55 /* AppDelegate.h */ = {isa = PBXFileReference; lastKnownFileType = sourcecode.c.h; path = AppDelegate.h; sourceTree = "<group>"; };
		579D9CC11D9C911E00F10E55 /* AppDelegate.m */ = {isa = PBXFileReference; lastKnownFileType = sourcecode.c.objc; path = AppDelegate.m; sourceTree = "<group>"; };
		579D9CC31D9C911E00F10E55 /* ViewController.h */ = {isa = PBXFileReference; lastKnownFileType = sourcecode.c.h; path = ViewController.h; sourceTree = "<group>"; };
		579D9CC41D9C911E00F10E55 /* ViewController.m */ = {isa = PBXFileReference; lastKnownFileType = sourcecode.c.objc; path = ViewController.m; sourceTree = "<group>"; };
		579D9CC71D9C911E00F10E55 /* Base */ = {isa = PBXFileReference; lastKnownFileType = file.storyboard; name = Base; path = Base.lproj/Main.storyboard; sourceTree = "<group>"; };
		579D9CC91D9C911E00F10E55 /* Assets.xcassets */ = {isa = PBXFileReference; lastKnownFileType = folder.assetcatalog; path = Assets.xcassets; sourceTree = "<group>"; };
		579D9CCC1D9C911E00F10E55 /* Base */ = {isa = PBXFileReference; lastKnownFileType = file.storyboard; name = Base; path = Base.lproj/LaunchScreen.storyboard; sourceTree = "<group>"; };
		579D9CCE1D9C911E00F10E55 /* Info.plist */ = {isa = PBXFileReference; lastKnownFileType = text.plist.xml; path = Info.plist; sourceTree = "<group>"; };
		57FCBAD11DA47A460061CC4D /* carroceria.h */ = {isa = PBXFileReference; fileEncoding = 4; lastKnownFileType = sourcecode.c.h; path = carroceria.h; sourceTree = "<group>"; };
		57FCBAD21DA47A460061CC4D /* carroceria.m */ = {isa = PBXFileReference; fileEncoding = 4; lastKnownFileType = sourcecode.c.objc; path = carroceria.m; sourceTree = "<group>"; };
		57FCBAD41DA47A730061CC4D /* portas.h */ = {isa = PBXFileReference; fileEncoding = 4; lastKnownFileType = sourcecode.c.h; path = portas.h; sourceTree = "<group>"; };
		57FCBAD51DA47A730061CC4D /* portas.m */ = {isa = PBXFileReference; fileEncoding = 4; lastKnownFileType = sourcecode.c.objc; path = portas.m; sourceTree = "<group>"; };
		57FCBAD71DA47A8A0061CC4D /* capo.h */ = {isa = PBXFileReference; fileEncoding = 4; lastKnownFileType = sourcecode.c.h; path = capo.h; sourceTree = "<group>"; };
		57FCBAD81DA47A8A0061CC4D /* capo.m */ = {isa = PBXFileReference; fileEncoding = 4; lastKnownFileType = sourcecode.c.objc; path = capo.m; sourceTree = "<group>"; };
		57FCBADA1DA47AA70061CC4D /* tampaPortaMalas.h */ = {isa = PBXFileReference; fileEncoding = 4; lastKnownFileType = sourcecode.c.h; path = tampaPortaMalas.h; sourceTree = "<group>"; };
		57FCBADB1DA47AA70061CC4D /* tampaPortaMalas.m */ = {isa = PBXFileReference; fileEncoding = 4; lastKnownFileType = sourcecode.c.objc; path = tampaPortaMalas.m; sourceTree = "<group>"; };
		57FCBADD1DA47AB30061CC4D /* roda.h */ = {isa = PBXFileReference; fileEncoding = 4; lastKnownFileType = sourcecode.c.h; path = roda.h; sourceTree = "<group>"; };
		57FCBADE1DA47AB30061CC4D /* roda.m */ = {isa = PBXFileReference; fileEncoding = 4; lastKnownFileType = sourcecode.c.objc; path = roda.m; sourceTree = "<group>"; };
		57FCBAE01DA47AC40061CC4D /* motor.h */ = {isa = PBXFileReference; fileEncoding = 4; lastKnownFileType = sourcecode.c.h; path = motor.h; sourceTree = "<group>"; };
		57FCBAE11DA47AC40061CC4D /* motor.m */ = {isa = PBXFileReference; fileEncoding = 4; lastKnownFileType = sourcecode.c.objc; path = motor.m; sourceTree = "<group>"; };
		57FCBAE31DA47AD40061CC4D /* painel.h */ = {isa = PBXFileReference; fileEncoding = 4; lastKnownFileType = sourcecode.c.h; path = painel.h; sourceTree = "<group>"; };
		57FCBAE41DA47AD40061CC4D /* painel.m */ = {isa = PBXFileReference; fileEncoding = 4; lastKnownFileType = sourcecode.c.objc; path = painel.m; sourceTree = "<group>"; };
		57FCBAE61DA47AEE0061CC4D /* bancosDianteiros.h */ = {isa = PBXFileReference; fileEncoding = 4; lastKnownFileType = sourcecode.c.h; path = bancosDianteiros.h; sourceTree = "<group>"; };
		57FCBAE71DA47AEE0061CC4D /* bancosDianteiros.m */ = {isa = PBXFileReference; fileEncoding = 4; lastKnownFileType = sourcecode.c.objc; path = bancosDianteiros.m; sourceTree = "<group>"; };
		57FCBAE91DA47B060061CC4D /* bancosTraseiros.h */ = {isa = PBXFileReference; fileEncoding = 4; lastKnownFileType = sourcecode.c.h; path = bancosTraseiros.h; sourceTree = "<group>"; };
		57FCBAEA1DA47B060061CC4D /* bancosTraseiros.m */ = {isa = PBXFileReference; fileEncoding = 4; lastKnownFileType = sourcecode.c.objc; path = bancosTraseiros.m; sourceTree = "<group>"; };
		57FCBAEC1DA47B150061CC4D /* cintoSeguranca.h */ = {isa = PBXFileReference; fileEncoding = 4; lastKnownFileType = sourcecode.c.h; path = cintoSeguranca.h; sourceTree = "<group>"; };
		57FCBAED1DA47B150061CC4D /* cintoSeguranca.m */ = {isa = PBXFileReference; fileEncoding = 4; lastKnownFileType = sourcecode.c.objc; path = cintoSeguranca.m; sourceTree = "<group>"; };
		57FCBAEF1DA47B270061CC4D /* airBag.h */ = {isa = PBXFileReference; fileEncoding = 4; lastKnownFileType = sourcecode.c.h; path = airBag.h; sourceTree = "<group>"; };
		57FCBAF01DA47B270061CC4D /* airBag.m */ = {isa = PBXFileReference; fileEncoding = 4; lastKnownFileType = sourcecode.c.objc; path = airBag.m; sourceTree = "<group>"; };
/* End PBXFileReference section */

/* Begin PBXFrameworksBuildPhase section */
		579D9CB71D9C911E00F10E55 /* Frameworks */ = {
			isa = PBXFrameworksBuildPhase;
			buildActionMask = 2147483647;
			files = (
			);
			runOnlyForDeploymentPostprocessing = 0;
		};
/* End PBXFrameworksBuildPhase section */

/* Begin PBXGroup section */
		579D9CB11D9C911E00F10E55 = {
			isa = PBXGroup;
			children = (
				579D9CBC1D9C911E00F10E55 /* exercicio2 */,
				579D9CBB1D9C911E00F10E55 /* Products */,
			);
			sourceTree = "<group>";
		};
		579D9CBB1D9C911E00F10E55 /* Products */ = {
			isa = PBXGroup;
			children = (
				579D9CBA1D9C911E00F10E55 /* exercicio2.app */,
			);
			name = Products;
			sourceTree = "<group>";
		};
		579D9CBC1D9C911E00F10E55 /* exercicio2 */ = {
			isa = PBXGroup;
			children = (
				579D9CC01D9C911E00F10E55 /* AppDelegate.h */,
				579D9CC11D9C911E00F10E55 /* AppDelegate.m */,
				579D9CC31D9C911E00F10E55 /* ViewController.h */,
				579D9CC41D9C911E00F10E55 /* ViewController.m */,
				579D9CC61D9C911E00F10E55 /* Main.storyboard */,
				579D9CC91D9C911E00F10E55 /* Assets.xcassets */,
				579D9CCB1D9C911E00F10E55 /* LaunchScreen.storyboard */,
				579D9CCE1D9C911E00F10E55 /* Info.plist */,
				579D9CBD1D9C911E00F10E55 /* Supporting Files */,
			);
			path = exercicio2;
			sourceTree = "<group>";
		};
		579D9CBD1D9C911E00F10E55 /* Supporting Files */ = {
			isa = PBXGroup;
			children = (
				579D9CBE1D9C911E00F10E55 /* main.m */,
				57FCBAD11DA47A460061CC4D /* carroceria.h */,
				57FCBAD21DA47A460061CC4D /* carroceria.m */,
				57FCBAD41DA47A730061CC4D /* portas.h */,
				57FCBAD51DA47A730061CC4D /* portas.m */,
				57FCBAD71DA47A8A0061CC4D /* capo.h */,
				57FCBAD81DA47A8A0061CC4D /* capo.m */,
				57FCBADA1DA47AA70061CC4D /* tampaPortaMalas.h */,
				57FCBADB1DA47AA70061CC4D /* tampaPortaMalas.m */,
				57FCBADD1DA47AB30061CC4D /* roda.h */,
				57FCBADE1DA47AB30061CC4D /* roda.m */,
				57FCBAE01DA47AC40061CC4D /* motor.h */,
				57FCBAE11DA47AC40061CC4D /* motor.m */,
				57FCBAE31DA47AD40061CC4D /* painel.h */,
				57FCBAE41DA47AD40061CC4D /* painel.m */,
				57FCBAE61DA47AEE0061CC4D /* bancosDianteiros.h */,
				57FCBAE71DA47AEE0061CC4D /* bancosDianteiros.m */,
				57FCBAE91DA47B060061CC4D /* bancosTraseiros.h */,
				57FCBAEA1DA47B060061CC4D /* bancosTraseiros.m */,
				57FCBAEC1DA47B150061CC4D /* cintoSeguranca.h */,
				57FCBAED1DA47B150061CC4D /* cintoSeguranca.m */,
				57FCBAEF1DA47B270061CC4D /* airBag.h */,
				57FCBAF01DA47B270061CC4D /* airBag.m */,
			);
			name = "Supporting Files";
			sourceTree = "<group>";
		};
/* End PBXGroup section */

/* Begin PBXNativeTarget section */
		579D9CB91D9C911E00F10E55 /* exercicio2 */ = {
			isa = PBXNativeTarget;
			buildConfigurationList = 579D9CD11D9C911E00F10E55 /* Build configuration list for PBXNativeTarget "exercicio2" */;
			buildPhases = (
				579D9CB61D9C911E00F10E55 /* Sources */,
				579D9CB71D9C911E00F10E55 /* Frameworks */,
				579D9CB81D9C911E00F10E55 /* Resources */,
			);
			buildRules = (
			);
			dependencies = (
			);
			name = exercicio2;
			productName = exercicio2;
			productReference = 579D9CBA1D9C911E00F10E55 /* exercicio2.app */;
			productType = "com.apple.product-type.application";
		};
/* End PBXNativeTarget section */

/* Begin PBXProject section */
		579D9CB21D9C911E00F10E55 /* Project object */ = {
			isa = PBXProject;
			attributes = {
				LastUpgradeCheck = 0730;
				ORGANIZATIONNAME = IESB;
				TargetAttributes = {
					579D9CB91D9C911E00F10E55 = {
						CreatedOnToolsVersion = 7.3.1;
					};
				};
			};
			buildConfigurationList = 579D9CB51D9C911E00F10E55 /* Build configuration list for PBXProject "exercicio2" */;
			compatibilityVersion = "Xcode 3.2";
			developmentRegion = English;
			hasScannedForEncodings = 0;
			knownRegions = (
				en,
				Base,
			);
			mainGroup = 579D9CB11D9C911E00F10E55;
			productRefGroup = 579D9CBB1D9C911E00F10E55 /* Products */;
			projectDirPath = "";
			projectRoot = "";
			targets = (
				579D9CB91D9C911E00F10E55 /* exercicio2 */,
			);
		};
/* End PBXProject section */

/* Begin PBXResourcesBuildPhase section */
		579D9CB81D9C911E00F10E55 /* Resources */ = {
			isa = PBXResourcesBuildPhase;
			buildActionMask = 2147483647;
			files = (
				579D9CCD1D9C911E00F10E55 /* LaunchScreen.storyboard in Resources */,
				579D9CCA1D9C911E00F10E55 /* Assets.xcassets in Resources */,
				579D9CC81D9C911E00F10E55 /* Main.storyboard in Resources */,
			);
			runOnlyForDeploymentPostprocessing = 0;
		};
/* End PBXResourcesBuildPhase section */

/* Begin PBXSourcesBuildPhase section */
		579D9CB61D9C911E00F10E55 /* Sources */ = {
			isa = PBXSourcesBuildPhase;
			buildActionMask = 2147483647;
			files = (
				57FCBAE51DA47AD40061CC4D /* painel.m in Sources */,
				57FCBAE21DA47AC40061CC4D /* motor.m in Sources */,
				57FCBAEB1DA47B060061CC4D /* bancosTraseiros.m in Sources */,
				57FCBAF11DA47B270061CC4D /* airBag.m in Sources */,
				57FCBAD91DA47A8A0061CC4D /* capo.m in Sources */,
				57FCBADC1DA47AA70061CC4D /* tampaPortaMalas.m in Sources */,
				579D9CC51D9C911E00F10E55 /* ViewController.m in Sources */,
				579D9CC21D9C911E00F10E55 /* AppDelegate.m in Sources */,
				57FCBAD61DA47A730061CC4D /* portas.m in Sources */,
				57FCBAD31DA47A460061CC4D /* carroceria.m in Sources */,
				579D9CBF1D9C911E00F10E55 /* main.m in Sources */,
				57FCBAE81DA47AEE0061CC4D /* bancosDianteiros.m in Sources */,
				57FCBAEE1DA47B150061CC4D /* cintoSeguranca.m in Sources */,
				57FCBADF1DA47AB30061CC4D /* roda.m in Sources */,
			);
			runOnlyForDeploymentPostprocessing = 0;
		};
/* End PBXSourcesBuildPhase section */

/* Begin PBXVariantGroup section */
		579D9CC61D9C911E00F10E55 /* Main.storyboard */ = {
			isa = PBXVariantGroup;
			children = (
				579D9CC71D9C911E00F10E55 /* Base */,
			);
			name = Main.storyboard;
			sourceTree = "<group>";
		};
		579D9CCB1D9C911E00F10E55 /* LaunchScreen.storyboard */ = {
			isa = PBXVariantGroup;
			children = (
				579D9CCC1D9C911E00F10E55 /* Base */,
			);
			name = LaunchScreen.storyboard;
			sourceTree = "<group>";
		};
/* End PBXVariantGroup section */

/* Begin XCBuildConfiguration section */
		579D9CCF1D9C911E00F10E55 /* Debug */ = {
			isa = XCBuildConfiguration;
			buildSettings = {
				ALWAYS_SEARCH_USER_PATHS = NO;
				CLANG_ANALYZER_NONNULL = YES;
				CLANG_CXX_LANGUAGE_STANDARD = "gnu++0x";
				CLANG_CXX_LIBRARY = "libc++";
				CLANG_ENABLE_MODULES = YES;
				CLANG_ENABLE_OBJC_ARC = YES;
				CLANG_WARN_BOOL_CONVERSION = YES;
				CLANG_WARN_CONSTANT_CONVERSION = YES;
				CLANG_WARN_DIRECT_OBJC_ISA_USAGE = YES_ERROR;
				CLANG_WARN_EMPTY_BODY = YES;
				CLANG_WARN_ENUM_CONVERSION = YES;
				CLANG_WARN_INT_CONVERSION = YES;
				CLANG_WARN_OBJC_ROOT_CLASS = YES_ERROR;
				CLANG_WARN_UNREACHABLE_CODE = YES;
				CLANG_WARN__DUPLICATE_METHOD_MATCH = YES;
				"CODE_SIGN_IDENTITY[sdk=iphoneos*]" = "iPhone Developer";
				COPY_PHASE_STRIP = NO;
				DEBUG_INFORMATION_FORMAT = dwarf;
				ENABLE_STRICT_OBJC_MSGSEND = YES;
				ENABLE_TESTABILITY = YES;
				GCC_C_LANGUAGE_STANDARD = gnu99;
				GCC_DYNAMIC_NO_PIC = NO;
				GCC_NO_COMMON_BLOCKS = YES;
				GCC_OPTIMIZATION_LEVEL = 0;
				GCC_PREPROCESSOR_DEFINITIONS = (
					"DEBUG=1",
					"$(inherited)",
				);
				GCC_WARN_64_TO_32_BIT_CONVERSION = YES;
				GCC_WARN_ABOUT_RETURN_TYPE = YES_ERROR;
				GCC_WARN_UNDECLARED_SELECTOR = YES;
				GCC_WARN_UNINITIALIZED_AUTOS = YES_AGGRESSIVE;
				GCC_WARN_UNUSED_FUNCTION = YES;
				GCC_WARN_UNUSED_VARIABLE = YES;
				IPHONEOS_DEPLOYMENT_TARGET = 9.3;
				MTL_ENABLE_DEBUG_INFO = YES;
				ONLY_ACTIVE_ARCH = YES;
				SDKROOT = iphoneos;
				TARGETED_DEVICE_FAMILY = "1,2";
			};
			name = Debug;
		};
		579D9CD01D9C911E00F10E55 /* Release */ = {
			isa = XCBuildConfiguration;
			buildSettings = {
				ALWAYS_SEARCH_USER_PATHS = NO;
				CLANG_ANALYZER_NONNULL = YES;
				CLANG_CXX_LANGUAGE_STANDARD = "gnu++0x";
				CLANG_CXX_LIBRARY = "libc++";
				CLANG_ENABLE_MODULES = YES;
				CLANG_ENABLE_OBJC_ARC = YES;
				CLANG_WARN_BOOL_CONVERSION = YES;
				CLANG_WARN_CONSTANT_CONVERSION = YES;
				CLANG_WARN_DIRECT_OBJC_ISA_USAGE = YES_ERROR;
				CLANG_WARN_EMPTY_BODY = YES;
				CLANG_WARN_ENUM_CONVERSION = YES;
				CLANG_WARN_INT_CONVERSION = YES;
				CLANG_WARN_OBJC_ROOT_CLASS = YES_ERROR;
				CLANG_WARN_UNREACHABLE_CODE = YES;
				CLANG_WARN__DUPLICATE_METHOD_MATCH = YES;
				"CODE_SIGN_IDENTITY[sdk=iphoneos*]" = "iPhone Developer";
				COPY_PHASE_STRIP = NO;
				DEBUG_INFORMATION_FORMAT = "dwarf-with-dsym";
				ENABLE_NS_ASSERTIONS = NO;
				ENABLE_STRICT_OBJC_MSGSEND = YES;
				GCC_C_LANGUAGE_STANDARD = gnu99;
				GCC_NO_COMMON_BLOCKS = YES;
				GCC_WARN_64_TO_32_BIT_CONVERSION = YES;
				GCC_WARN_ABOUT_RETURN_TYPE = YES_ERROR;
				GCC_WARN_UNDECLARED_SELECTOR = YES;
				GCC_WARN_UNINITIALIZED_AUTOS = YES_AGGRESSIVE;
				GCC_WARN_UNUSED_FUNCTION = YES;
				GCC_WARN_UNUSED_VARIABLE = YES;
				IPHONEOS_DEPLOYMENT_TARGET = 9.3;
				MTL_ENABLE_DEBUG_INFO = NO;
				SDKROOT = iphoneos;
				TARGETED_DEVICE_FAMILY = "1,2";
				VALIDATE_PRODUCT = YES;
			};
			name = Release;
		};
		579D9CD21D9C911E00F10E55 /* Debug */ = {
			isa = XCBuildConfiguration;
			buildSettings = {
				ASSETCATALOG_COMPILER_APPICON_NAME = AppIcon;
				INFOPLIST_FILE = exercicio2/Info.plist;
				LD_RUNPATH_SEARCH_PATHS = "$(inherited) @executable_path/Frameworks";
				PRODUCT_BUNDLE_IDENTIFIER = br.iesb.exercicio2;
				PRODUCT_NAME = "$(TARGET_NAME)";
			};
			name = Debug;
		};
		579D9CD31D9C911E00F10E55 /* Release */ = {
			isa = XCBuildConfiguration;
			buildSettings = {
				ASSETCATALOG_COMPILER_APPICON_NAME = AppIcon;
				INFOPLIST_FILE = exercicio2/Info.plist;
				LD_RUNPATH_SEARCH_PATHS = "$(inherited) @executable_path/Frameworks";
				PRODUCT_BUNDLE_IDENTIFIER = br.iesb.exercicio2;
				PRODUCT_NAME = "$(TARGET_NAME)";
			};
			name = Release;
		};
/* End XCBuildConfiguration section */

/* Begin XCConfigurationList section */
		579D9CB51D9C911E00F10E55 /* Build configuration list for PBXProject "exercicio2" */ = {
			isa = XCConfigurationList;
			buildConfigurations = (
				579D9CCF1D9C911E00F10E55 /* Debug */,
				579D9CD01D9C911E00F10E55 /* Release */,
			);
			defaultConfigurationIsVisible = 0;
			defaultConfigurationName = Release;
		};
		579D9CD11D9C911E00F10E55 /* Build configuration list for PBXNativeTarget "exercicio2" */ = {
			isa = XCConfigurationList;
			buildConfigurations = (
				579D9CD21D9C911E00F10E55 /* Debug */,
				579D9CD31D9C911E00F10E55 /* Release */,
			);
			defaultConfigurationIsVisible = 0;
			defaultConfigurationName = Release;
		};
/* End XCConfigurationList section */
	};
	rootObject = 579D9CB21D9C911E00F10E55 /* Project object */;
}
