// !$*UTF8*$!
{
	archiveVersion = 1;
	classes = {
	};
	objectVersion = 46;
	objects = {

/* Begin PBXBuildFile section */
		5709571A1DC7DAAA00A98C6D /* main.m in Sources */ = {isa = PBXBuildFile; fileRef = 570957191DC7DAAA00A98C6D /* main.m */; };
		5709571D1DC7DAAA00A98C6D /* AppDelegate.m in Sources */ = {isa = PBXBuildFile; fileRef = 5709571C1DC7DAAA00A98C6D /* AppDelegate.m */; };
		570957201DC7DAAA00A98C6D /* ViewController.m in Sources */ = {isa = PBXBuildFile; fileRef = 5709571F1DC7DAAA00A98C6D /* ViewController.m */; };
		570957231DC7DAAA00A98C6D /* Main.storyboard in Resources */ = {isa = PBXBuildFile; fileRef = 570957211DC7DAAA00A98C6D /* Main.storyboard */; };
		570957261DC7DAAA00A98C6D /* IOS2exercico6.xcdatamodeld in Sources */ = {isa = PBXBuildFile; fileRef = 570957241DC7DAAA00A98C6D /* IOS2exercico6.xcdatamodeld */; };
		570957281DC7DAAA00A98C6D /* Assets.xcassets in Resources */ = {isa = PBXBuildFile; fileRef = 570957271DC7DAAA00A98C6D /* Assets.xcassets */; };
		5709572B1DC7DAAA00A98C6D /* LaunchScreen.storyboard in Resources */ = {isa = PBXBuildFile; fileRef = 570957291DC7DAAA00A98C6D /* LaunchScreen.storyboard */; };
		570957421DC7E04700A98C6D /* Exercio01TableViewCell.m in Sources */ = {isa = PBXBuildFile; fileRef = 570957401DC7E04700A98C6D /* Exercio01TableViewCell.m */; };
		570957431DC7E04700A98C6D /* Exercio01TableViewCell.xib in Resources */ = {isa = PBXBuildFile; fileRef = 570957411DC7E04700A98C6D /* Exercio01TableViewCell.xib */; };
		570957461DC7F36A00A98C6D /* Exercicio01TableViewController.m in Sources */ = {isa = PBXBuildFile; fileRef = 570957451DC7F36A00A98C6D /* Exercicio01TableViewController.m */; };
		57355F731DC942D6004A778C /* Exercicio03TableViewController.m in Sources */ = {isa = PBXBuildFile; fileRef = 57355F721DC942D6004A778C /* Exercicio03TableViewController.m */; };
		57C606FA1DC9301300F2A41F /* Exercicio02TableViewCell.m in Sources */ = {isa = PBXBuildFile; fileRef = 57C606F81DC9301300F2A41F /* Exercicio02TableViewCell.m */; };
		57C606FB1DC9301300F2A41F /* Exercicio02TableViewCell.xib in Resources */ = {isa = PBXBuildFile; fileRef = 57C606F91DC9301300F2A41F /* Exercicio02TableViewCell.xib */; };
		57C606FE1DC93D2A00F2A41F /* Exercicio02TableViewController.m in Sources */ = {isa = PBXBuildFile; fileRef = 57C606FD1DC93D2A00F2A41F /* Exercicio02TableViewController.m */; };
		57C607051DC9402100F2A41F /* Exercicio03TableViewCell.m in Sources */ = {isa = PBXBuildFile; fileRef = 57C607031DC9402100F2A41F /* Exercicio03TableViewCell.m */; };
		57C607061DC9402100F2A41F /* Exercicio03TableViewCell.xib in Resources */ = {isa = PBXBuildFile; fileRef = 57C607041DC9402100F2A41F /* Exercicio03TableViewCell.xib */; };
/* End PBXBuildFile section */

/* Begin PBXFileReference section */
		570957151DC7DAAA00A98C6D /* IOS2exercico6.app */ = {isa = PBXFileReference; explicitFileType = wrapper.application; includeInIndex = 0; path = IOS2exercico6.app; sourceTree = BUILT_PRODUCTS_DIR; };
		570957191DC7DAAA00A98C6D /* main.m */ = {isa = PBXFileReference; lastKnownFileType = sourcecode.c.objc; path = main.m; sourceTree = "<group>"; };
		5709571B1DC7DAAA00A98C6D /* AppDelegate.h */ = {isa = PBXFileReference; lastKnownFileType = sourcecode.c.h; path = AppDelegate.h; sourceTree = "<group>"; };
		5709571C1DC7DAAA00A98C6D /* AppDelegate.m */ = {isa = PBXFileReference; lastKnownFileType = sourcecode.c.objc; path = AppDelegate.m; sourceTree = "<group>"; };
		5709571E1DC7DAAA00A98C6D /* ViewController.h */ = {isa = PBXFileReference; lastKnownFileType = sourcecode.c.h; path = ViewController.h; sourceTree = "<group>"; };
		5709571F1DC7DAAA00A98C6D /* ViewController.m */ = {isa = PBXFileReference; lastKnownFileType = sourcecode.c.objc; path = ViewController.m; sourceTree = "<group>"; };
		570957221DC7DAAA00A98C6D /* Base */ = {isa = PBXFileReference; lastKnownFileType = file.storyboard; name = Base; path = Base.lproj/Main.storyboard; sourceTree = "<group>"; };
		570957251DC7DAAA00A98C6D /* IOS2exercico6.xcdatamodel */ = {isa = PBXFileReference; lastKnownFileType = wrapper.xcdatamodel; path = IOS2exercico6.xcdatamodel; sourceTree = "<group>"; };
		570957271DC7DAAA00A98C6D /* Assets.xcassets */ = {isa = PBXFileReference; lastKnownFileType = folder.assetcatalog; path = Assets.xcassets; sourceTree = "<group>"; };
		5709572A1DC7DAAA00A98C6D /* Base */ = {isa = PBXFileReference; lastKnownFileType = file.storyboard; name = Base; path = Base.lproj/LaunchScreen.storyboard; sourceTree = "<group>"; };
		5709572C1DC7DAAA00A98C6D /* Info.plist */ = {isa = PBXFileReference; lastKnownFileType = text.plist.xml; path = Info.plist; sourceTree = "<group>"; };
		5709573F1DC7E04700A98C6D /* Exercio01TableViewCell.h */ = {isa = PBXFileReference; fileEncoding = 4; lastKnownFileType = sourcecode.c.h; path = Exercio01TableViewCell.h; sourceTree = "<group>"; };
		570957401DC7E04700A98C6D /* Exercio01TableViewCell.m */ = {isa = PBXFileReference; fileEncoding = 4; lastKnownFileType = sourcecode.c.objc; path = Exercio01TableViewCell.m; sourceTree = "<group>"; };
		570957411DC7E04700A98C6D /* Exercio01TableViewCell.xib */ = {isa = PBXFileReference; fileEncoding = 4; lastKnownFileType = file.xib; path = Exercio01TableViewCell.xib; sourceTree = "<group>"; };
		570957441DC7F36A00A98C6D /* Exercicio01TableViewController.h */ = {isa = PBXFileReference; fileEncoding = 4; lastKnownFileType = sourcecode.c.h; path = Exercicio01TableViewController.h; sourceTree = "<group>"; };
		570957451DC7F36A00A98C6D /* Exercicio01TableViewController.m */ = {isa = PBXFileReference; fileEncoding = 4; lastKnownFileType = sourcecode.c.objc; path = Exercicio01TableViewController.m; sourceTree = "<group>"; };
		57355F711DC942D6004A778C /* Exercicio03TableViewController.h */ = {isa = PBXFileReference; fileEncoding = 4; lastKnownFileType = sourcecode.c.h; name = Exercicio03TableViewController.h; path = ../Exercicio03TableViewController.h; sourceTree = "<group>"; };
		57355F721DC942D6004A778C /* Exercicio03TableViewController.m */ = {isa = PBXFileReference; fileEncoding = 4; lastKnownFileType = sourcecode.c.objc; name = Exercicio03TableViewController.m; path = ../Exercicio03TableViewController.m; sourceTree = "<group>"; };
		57C606F71DC9301300F2A41F /* Exercicio02TableViewCell.h */ = {isa = PBXFileReference; fileEncoding = 4; lastKnownFileType = sourcecode.c.h; path = Exercicio02TableViewCell.h; sourceTree = "<group>"; };
		57C606F81DC9301300F2A41F /* Exercicio02TableViewCell.m */ = {isa = PBXFileReference; fileEncoding = 4; lastKnownFileType = sourcecode.c.objc; path = Exercicio02TableViewCell.m; sourceTree = "<group>"; };
		57C606F91DC9301300F2A41F /* Exercicio02TableViewCell.xib */ = {isa = PBXFileReference; fileEncoding = 4; lastKnownFileType = file.xib; path = Exercicio02TableViewCell.xib; sourceTree = "<group>"; };
		57C606FC1DC93D2A00F2A41F /* Exercicio02TableViewController.h */ = {isa = PBXFileReference; fileEncoding = 4; lastKnownFileType = sourcecode.c.h; path = Exercicio02TableViewController.h; sourceTree = "<group>"; };
		57C606FD1DC93D2A00F2A41F /* Exercicio02TableViewController.m */ = {isa = PBXFileReference; fileEncoding = 4; lastKnownFileType = sourcecode.c.objc; path = Exercicio02TableViewController.m; sourceTree = "<group>"; };
		57C607021DC9402100F2A41F /* Exercicio03TableViewCell.h */ = {isa = PBXFileReference; fileEncoding = 4; lastKnownFileType = sourcecode.c.h; path = Exercicio03TableViewCell.h; sourceTree = "<group>"; };
		57C607031DC9402100F2A41F /* Exercicio03TableViewCell.m */ = {isa = PBXFileReference; fileEncoding = 4; lastKnownFileType = sourcecode.c.objc; path = Exercicio03TableViewCell.m; sourceTree = "<group>"; };
		57C607041DC9402100F2A41F /* Exercicio03TableViewCell.xib */ = {isa = PBXFileReference; fileEncoding = 4; lastKnownFileType = file.xib; path = Exercicio03TableViewCell.xib; sourceTree = "<group>"; };
/* End PBXFileReference section */

/* Begin PBXFrameworksBuildPhase section */
		570957121DC7DAAA00A98C6D /* Frameworks */ = {
			isa = PBXFrameworksBuildPhase;
			buildActionMask = 2147483647;
			files = (
			);
			runOnlyForDeploymentPostprocessing = 0;
		};
/* End PBXFrameworksBuildPhase section */

/* Begin PBXGroup section */
		5709570C1DC7DAAA00A98C6D = {
			isa = PBXGroup;
			children = (
				570957171DC7DAAA00A98C6D /* IOS2exercico6 */,
				570957161DC7DAAA00A98C6D /* Products */,
			);
			sourceTree = "<group>";
		};
		570957161DC7DAAA00A98C6D /* Products */ = {
			isa = PBXGroup;
			children = (
				570957151DC7DAAA00A98C6D /* IOS2exercico6.app */,
			);
			name = Products;
			sourceTree = "<group>";
		};
		570957171DC7DAAA00A98C6D /* IOS2exercico6 */ = {
			isa = PBXGroup;
			children = (
				5709571B1DC7DAAA00A98C6D /* AppDelegate.h */,
				5709571C1DC7DAAA00A98C6D /* AppDelegate.m */,
				5709571E1DC7DAAA00A98C6D /* ViewController.h */,
				5709571F1DC7DAAA00A98C6D /* ViewController.m */,
				570957441DC7F36A00A98C6D /* Exercicio01TableViewController.h */,
				570957451DC7F36A00A98C6D /* Exercicio01TableViewController.m */,
				57C606FC1DC93D2A00F2A41F /* Exercicio02TableViewController.h */,
				57C606FD1DC93D2A00F2A41F /* Exercicio02TableViewController.m */,
				57355F711DC942D6004A778C /* Exercicio03TableViewController.h */,
				57355F721DC942D6004A778C /* Exercicio03TableViewController.m */,
				570957211DC7DAAA00A98C6D /* Main.storyboard */,
				570957271DC7DAAA00A98C6D /* Assets.xcassets */,
				570957291DC7DAAA00A98C6D /* LaunchScreen.storyboard */,
				5709572C1DC7DAAA00A98C6D /* Info.plist */,
				570957241DC7DAAA00A98C6D /* IOS2exercico6.xcdatamodeld */,
				570957181DC7DAAA00A98C6D /* Supporting Files */,
			);
			path = IOS2exercico6;
			sourceTree = "<group>";
		};
		570957181DC7DAAA00A98C6D /* Supporting Files */ = {
			isa = PBXGroup;
			children = (
				570957191DC7DAAA00A98C6D /* main.m */,
				5709573F1DC7E04700A98C6D /* Exercio01TableViewCell.h */,
				570957401DC7E04700A98C6D /* Exercio01TableViewCell.m */,
				570957411DC7E04700A98C6D /* Exercio01TableViewCell.xib */,
				57C606F71DC9301300F2A41F /* Exercicio02TableViewCell.h */,
				57C606F81DC9301300F2A41F /* Exercicio02TableViewCell.m */,
				57C606F91DC9301300F2A41F /* Exercicio02TableViewCell.xib */,
				57C607021DC9402100F2A41F /* Exercicio03TableViewCell.h */,
				57C607031DC9402100F2A41F /* Exercicio03TableViewCell.m */,
				57C607041DC9402100F2A41F /* Exercicio03TableViewCell.xib */,
			);
			name = "Supporting Files";
			sourceTree = "<group>";
		};
/* End PBXGroup section */

/* Begin PBXNativeTarget section */
		570957141DC7DAAA00A98C6D /* IOS2exercico6 */ = {
			isa = PBXNativeTarget;
			buildConfigurationList = 5709572F1DC7DAAA00A98C6D /* Build configuration list for PBXNativeTarget "IOS2exercico6" */;
			buildPhases = (
				570957111DC7DAAA00A98C6D /* Sources */,
				570957121DC7DAAA00A98C6D /* Frameworks */,
				570957131DC7DAAA00A98C6D /* Resources */,
			);
			buildRules = (
			);
			dependencies = (
			);
			name = IOS2exercico6;
			productName = IOS2exercico6;
			productReference = 570957151DC7DAAA00A98C6D /* IOS2exercico6.app */;
			productType = "com.apple.product-type.application";
		};
/* End PBXNativeTarget section */

/* Begin PBXProject section */
		5709570D1DC7DAAA00A98C6D /* Project object */ = {
			isa = PBXProject;
			attributes = {
				LastUpgradeCheck = 0800;
				ORGANIZATIONNAME = IESB;
				TargetAttributes = {
					570957141DC7DAAA00A98C6D = {
						CreatedOnToolsVersion = 8.0;
						ProvisioningStyle = Automatic;
					};
				};
			};
			buildConfigurationList = 570957101DC7DAAA00A98C6D /* Build configuration list for PBXProject "IOS2exercico6" */;
			compatibilityVersion = "Xcode 3.2";
			developmentRegion = English;
			hasScannedForEncodings = 0;
			knownRegions = (
				en,
				Base,
			);
			mainGroup = 5709570C1DC7DAAA00A98C6D;
			productRefGroup = 570957161DC7DAAA00A98C6D /* Products */;
			projectDirPath = "";
			projectRoot = "";
			targets = (
				570957141DC7DAAA00A98C6D /* IOS2exercico6 */,
			);
		};
/* End PBXProject section */

/* Begin PBXResourcesBuildPhase section */
		570957131DC7DAAA00A98C6D /* Resources */ = {
			isa = PBXResourcesBuildPhase;
			buildActionMask = 2147483647;
			files = (
				570957431DC7E04700A98C6D /* Exercio01TableViewCell.xib in Resources */,
				5709572B1DC7DAAA00A98C6D /* LaunchScreen.storyboard in Resources */,
				570957281DC7DAAA00A98C6D /* Assets.xcassets in Resources */,
				570957231DC7DAAA00A98C6D /* Main.storyboard in Resources */,
				57C607061DC9402100F2A41F /* Exercicio03TableViewCell.xib in Resources */,
				57C606FB1DC9301300F2A41F /* Exercicio02TableViewCell.xib in Resources */,
			);
			runOnlyForDeploymentPostprocessing = 0;
		};
/* End PBXResourcesBuildPhase section */

/* Begin PBXSourcesBuildPhase section */
		570957111DC7DAAA00A98C6D /* Sources */ = {
			isa = PBXSourcesBuildPhase;
			buildActionMask = 2147483647;
			files = (
				570957201DC7DAAA00A98C6D /* ViewController.m in Sources */,
				5709571D1DC7DAAA00A98C6D /* AppDelegate.m in Sources */,
				570957461DC7F36A00A98C6D /* Exercicio01TableViewController.m in Sources */,
				57C607051DC9402100F2A41F /* Exercicio03TableViewCell.m in Sources */,
				57355F731DC942D6004A778C /* Exercicio03TableViewController.m in Sources */,
				57C606FA1DC9301300F2A41F /* Exercicio02TableViewCell.m in Sources */,
				5709571A1DC7DAAA00A98C6D /* main.m in Sources */,
				570957421DC7E04700A98C6D /* Exercio01TableViewCell.m in Sources */,
				57C606FE1DC93D2A00F2A41F /* Exercicio02TableViewController.m in Sources */,
				570957261DC7DAAA00A98C6D /* IOS2exercico6.xcdatamodeld in Sources */,
			);
			runOnlyForDeploymentPostprocessing = 0;
		};
/* End PBXSourcesBuildPhase section */

/* Begin PBXVariantGroup section */
		570957211DC7DAAA00A98C6D /* Main.storyboard */ = {
			isa = PBXVariantGroup;
			children = (
				570957221DC7DAAA00A98C6D /* Base */,
			);
			name = Main.storyboard;
			sourceTree = "<group>";
		};
		570957291DC7DAAA00A98C6D /* LaunchScreen.storyboard */ = {
			isa = PBXVariantGroup;
			children = (
				5709572A1DC7DAAA00A98C6D /* Base */,
			);
			name = LaunchScreen.storyboard;
			sourceTree = "<group>";
		};
/* End PBXVariantGroup section */

/* Begin XCBuildConfiguration section */
		5709572D1DC7DAAA00A98C6D /* Debug */ = {
			isa = XCBuildConfiguration;
			buildSettings = {
				ALWAYS_SEARCH_USER_PATHS = NO;
				CLANG_ANALYZER_NONNULL = YES;
				CLANG_CXX_LANGUAGE_STANDARD = "gnu++0x";
				CLANG_CXX_LIBRARY = "libc++";
				CLANG_ENABLE_MODULES = YES;
				CLANG_ENABLE_OBJC_ARC = YES;
				CLANG_WARN_BOOL_CONVERSION = YES;
				CLANG_WARN_CONSTANT_CONVERSION = YES;
				CLANG_WARN_DIRECT_OBJC_ISA_USAGE = YES_ERROR;
				CLANG_WARN_DOCUMENTATION_COMMENTS = YES;
				CLANG_WARN_EMPTY_BODY = YES;
				CLANG_WARN_ENUM_CONVERSION = YES;
				CLANG_WARN_INFINITE_RECURSION = YES;
				CLANG_WARN_INT_CONVERSION = YES;
				CLANG_WARN_OBJC_ROOT_CLASS = YES_ERROR;
				CLANG_WARN_SUSPICIOUS_MOVES = YES;
				CLANG_WARN_UNREACHABLE_CODE = YES;
				CLANG_WARN__DUPLICATE_METHOD_MATCH = YES;
				"CODE_SIGN_IDENTITY[sdk=iphoneos*]" = "iPhone Developer";
				COPY_PHASE_STRIP = NO;
				DEBUG_INFORMATION_FORMAT = dwarf;
				ENABLE_STRICT_OBJC_MSGSEND = YES;
				ENABLE_TESTABILITY = YES;
				GCC_C_LANGUAGE_STANDARD = gnu99;
				GCC_DYNAMIC_NO_PIC = NO;
				GCC_NO_COMMON_BLOCKS = YES;
				GCC_OPTIMIZATION_LEVEL = 0;
				GCC_PREPROCESSOR_DEFINITIONS = (
					"DEBUG=1",
					"$(inherited)",
				);
				GCC_WARN_64_TO_32_BIT_CONVERSION = YES;
				GCC_WARN_ABOUT_RETURN_TYPE = YES_ERROR;
				GCC_WARN_UNDECLARED_SELECTOR = YES;
				GCC_WARN_UNINITIALIZED_AUTOS = YES_AGGRESSIVE;
				GCC_WARN_UNUSED_FUNCTION = YES;
				GCC_WARN_UNUSED_VARIABLE = YES;
				IPHONEOS_DEPLOYMENT_TARGET = 10.0;
				MTL_ENABLE_DEBUG_INFO = YES;
				ONLY_ACTIVE_ARCH = YES;
				SDKROOT = iphoneos;
				TARGETED_DEVICE_FAMILY = "1,2";
			};
			name = Debug;
		};
		5709572E1DC7DAAA00A98C6D /* Release */ = {
			isa = XCBuildConfiguration;
			buildSettings = {
				ALWAYS_SEARCH_USER_PATHS = NO;
				CLANG_ANALYZER_NONNULL = YES;
				CLANG_CXX_LANGUAGE_STANDARD = "gnu++0x";
				CLANG_CXX_LIBRARY = "libc++";
				CLANG_ENABLE_MODULES = YES;
				CLANG_ENABLE_OBJC_ARC = YES;
				CLANG_WARN_BOOL_CONVERSION = YES;
				CLANG_WARN_CONSTANT_CONVERSION = YES;
				CLANG_WARN_DIRECT_OBJC_ISA_USAGE = YES_ERROR;
				CLANG_WARN_DOCUMENTATION_COMMENTS = YES;
				CLANG_WARN_EMPTY_BODY = YES;
				CLANG_WARN_ENUM_CONVERSION = YES;
				CLANG_WARN_INFINITE_RECURSION = YES;
				CLANG_WARN_INT_CONVERSION = YES;
				CLANG_WARN_OBJC_ROOT_CLASS = YES_ERROR;
				CLANG_WARN_SUSPICIOUS_MOVES = YES;
				CLANG_WARN_UNREACHABLE_CODE = YES;
				CLANG_WARN__DUPLICATE_METHOD_MATCH = YES;
				"CODE_SIGN_IDENTITY[sdk=iphoneos*]" = "iPhone Developer";
				COPY_PHASE_STRIP = NO;
				DEBUG_INFORMATION_FORMAT = "dwarf-with-dsym";
				ENABLE_NS_ASSERTIONS = NO;
				ENABLE_STRICT_OBJC_MSGSEND = YES;
				GCC_C_LANGUAGE_STANDARD = gnu99;
				GCC_NO_COMMON_BLOCKS = YES;
				GCC_WARN_64_TO_32_BIT_CONVERSION = YES;
				GCC_WARN_ABOUT_RETURN_TYPE = YES_ERROR;
				GCC_WARN_UNDECLARED_SELECTOR = YES;
				GCC_WARN_UNINITIALIZED_AUTOS = YES_AGGRESSIVE;
				GCC_WARN_UNUSED_FUNCTION = YES;
				GCC_WARN_UNUSED_VARIABLE = YES;
				IPHONEOS_DEPLOYMENT_TARGET = 10.0;
				MTL_ENABLE_DEBUG_INFO = NO;
				SDKROOT = iphoneos;
				TARGETED_DEVICE_FAMILY = "1,2";
				VALIDATE_PRODUCT = YES;
			};
			name = Release;
		};
		570957301DC7DAAA00A98C6D /* Debug */ = {
			isa = XCBuildConfiguration;
			buildSettings = {
				ASSETCATALOG_COMPILER_APPICON_NAME = AppIcon;
				INFOPLIST_FILE = IOS2exercico6/Info.plist;
				LD_RUNPATH_SEARCH_PATHS = "$(inherited) @executable_path/Frameworks";
				PRODUCT_BUNDLE_IDENTIFIER = br.iesb.IOS2exercico6;
				PRODUCT_NAME = "$(TARGET_NAME)";
			};
			name = Debug;
		};
		570957311DC7DAAA00A98C6D /* Release */ = {
			isa = XCBuildConfiguration;
			buildSettings = {
				ASSETCATALOG_COMPILER_APPICON_NAME = AppIcon;
				INFOPLIST_FILE = IOS2exercico6/Info.plist;
				LD_RUNPATH_SEARCH_PATHS = "$(inherited) @executable_path/Frameworks";
				PRODUCT_BUNDLE_IDENTIFIER = br.iesb.IOS2exercico6;
				PRODUCT_NAME = "$(TARGET_NAME)";
			};
			name = Release;
		};
/* End XCBuildConfiguration section */

/* Begin XCConfigurationList section */
		570957101DC7DAAA00A98C6D /* Build configuration list for PBXProject "IOS2exercico6" */ = {
			isa = XCConfigurationList;
			buildConfigurations = (
				5709572D1DC7DAAA00A98C6D /* Debug */,
				5709572E1DC7DAAA00A98C6D /* Release */,
			);
			defaultConfigurationIsVisible = 0;
			defaultConfigurationName = Release;
		};
		5709572F1DC7DAAA00A98C6D /* Build configuration list for PBXNativeTarget "IOS2exercico6" */ = {
			isa = XCConfigurationList;
			buildConfigurations = (
				570957301DC7DAAA00A98C6D /* Debug */,
				570957311DC7DAAA00A98C6D /* Release */,
			);
			defaultConfigurationIsVisible = 0;
			defaultConfigurationName = Release;
		};
/* End XCConfigurationList section */

/* Begin XCVersionGroup section */
		570957241DC7DAAA00A98C6D /* IOS2exercico6.xcdatamodeld */ = {
			isa = XCVersionGroup;
			children = (
				570957251DC7DAAA00A98C6D /* IOS2exercico6.xcdatamodel */,
			);
			currentVersion = 570957251DC7DAAA00A98C6D /* IOS2exercico6.xcdatamodel */;
			path = IOS2exercico6.xcdatamodeld;
			sourceTree = "<group>";
			versionGroupType = wrapper.xcdatamodel;
		};
/* End XCVersionGroup section */
	};
	rootObject = 5709570D1DC7DAAA00A98C6D /* Project object */;
}
