// !$*UTF8*$!
{
	archiveVersion = 1;
	classes = {
	};
	objectVersion = 46;
	objects = {

/* Begin PBXBuildFile section */
		579960E31D6E679100BB1D15 /* main.m in Sources */ = {isa = PBXBuildFile; fileRef = 579960E21D6E679100BB1D15 /* main.m */; };
		579960E61D6E679100BB1D15 /* AppDelegate.m in Sources */ = {isa = PBXBuildFile; fileRef = 579960E51D6E679100BB1D15 /* AppDelegate.m */; };
		579960E91D6E679100BB1D15 /* ViewController.m in Sources */ = {isa = PBXBuildFile; fileRef = 579960E81D6E679100BB1D15 /* ViewController.m */; };
		579960EC1D6E679100BB1D15 /* Main.storyboard in Resources */ = {isa = PBXBuildFile; fileRef = 579960EA1D6E679100BB1D15 /* Main.storyboard */; };
		579960EF1D6E679100BB1D15 /* desenho.xcdatamodeld in Sources */ = {isa = PBXBuildFile; fileRef = 579960ED1D6E679100BB1D15 /* desenho.xcdatamodeld */; };
		579960F11D6E679100BB1D15 /* Assets.xcassets in Resources */ = {isa = PBXBuildFile; fileRef = 579960F01D6E679100BB1D15 /* Assets.xcassets */; };
		579960F41D6E679100BB1D15 /* LaunchScreen.storyboard in Resources */ = {isa = PBXBuildFile; fileRef = 579960F21D6E679100BB1D15 /* LaunchScreen.storyboard */; };
/* End PBXBuildFile section */

/* Begin PBXFileReference section */
		579960DE1D6E679100BB1D15 /* desenho.app */ = {isa = PBXFileReference; explicitFileType = wrapper.application; includeInIndex = 0; path = desenho.app; sourceTree = BUILT_PRODUCTS_DIR; };
		579960E21D6E679100BB1D15 /* main.m */ = {isa = PBXFileReference; lastKnownFileType = sourcecode.c.objc; path = main.m; sourceTree = "<group>"; };
		579960E41D6E679100BB1D15 /* AppDelegate.h */ = {isa = PBXFileReference; lastKnownFileType = sourcecode.c.h; path = AppDelegate.h; sourceTree = "<group>"; };
		579960E51D6E679100BB1D15 /* AppDelegate.m */ = {isa = PBXFileReference; lastKnownFileType = sourcecode.c.objc; path = AppDelegate.m; sourceTree = "<group>"; };
		579960E71D6E679100BB1D15 /* ViewController.h */ = {isa = PBXFileReference; lastKnownFileType = sourcecode.c.h; path = ViewController.h; sourceTree = "<group>"; };
		579960E81D6E679100BB1D15 /* ViewController.m */ = {isa = PBXFileReference; lastKnownFileType = sourcecode.c.objc; path = ViewController.m; sourceTree = "<group>"; };
		579960EB1D6E679100BB1D15 /* Base */ = {isa = PBXFileReference; lastKnownFileType = file.storyboard; name = Base; path = Base.lproj/Main.storyboard; sourceTree = "<group>"; };
		579960EE1D6E679100BB1D15 /* desenho.xcdatamodel */ = {isa = PBXFileReference; lastKnownFileType = wrapper.xcdatamodel; path = desenho.xcdatamodel; sourceTree = "<group>"; };
		579960F01D6E679100BB1D15 /* Assets.xcassets */ = {isa = PBXFileReference; lastKnownFileType = folder.assetcatalog; path = Assets.xcassets; sourceTree = "<group>"; };
		579960F31D6E679100BB1D15 /* Base */ = {isa = PBXFileReference; lastKnownFileType = file.storyboard; name = Base; path = Base.lproj/LaunchScreen.storyboard; sourceTree = "<group>"; };
		579960F51D6E679100BB1D15 /* Info.plist */ = {isa = PBXFileReference; lastKnownFileType = text.plist.xml; path = Info.plist; sourceTree = "<group>"; };
/* End PBXFileReference section */

/* Begin PBXFrameworksBuildPhase section */
		579960DB1D6E679100BB1D15 /* Frameworks */ = {
			isa = PBXFrameworksBuildPhase;
			buildActionMask = 2147483647;
			files = (
			);
			runOnlyForDeploymentPostprocessing = 0;
		};
/* End PBXFrameworksBuildPhase section */

/* Begin PBXGroup section */
		579960D51D6E679100BB1D15 = {
			isa = PBXGroup;
			children = (
				579960E01D6E679100BB1D15 /* desenho */,
				579960DF1D6E679100BB1D15 /* Products */,
			);
			sourceTree = "<group>";
		};
		579960DF1D6E679100BB1D15 /* Products */ = {
			isa = PBXGroup;
			children = (
				579960DE1D6E679100BB1D15 /* desenho.app */,
			);
			name = Products;
			sourceTree = "<group>";
		};
		579960E01D6E679100BB1D15 /* desenho */ = {
			isa = PBXGroup;
			children = (
				579960E41D6E679100BB1D15 /* AppDelegate.h */,
				579960E51D6E679100BB1D15 /* AppDelegate.m */,
				579960E71D6E679100BB1D15 /* ViewController.h */,
				579960E81D6E679100BB1D15 /* ViewController.m */,
				579960EA1D6E679100BB1D15 /* Main.storyboard */,
				579960F01D6E679100BB1D15 /* Assets.xcassets */,
				579960F21D6E679100BB1D15 /* LaunchScreen.storyboard */,
				579960F51D6E679100BB1D15 /* Info.plist */,
				579960ED1D6E679100BB1D15 /* desenho.xcdatamodeld */,
				579960E11D6E679100BB1D15 /* Supporting Files */,
			);
			path = desenho;
			sourceTree = "<group>";
		};
		579960E11D6E679100BB1D15 /* Supporting Files */ = {
			isa = PBXGroup;
			children = (
				579960E21D6E679100BB1D15 /* main.m */,
			);
			name = "Supporting Files";
			sourceTree = "<group>";
		};
/* End PBXGroup section */

/* Begin PBXNativeTarget section */
		579960DD1D6E679100BB1D15 /* desenho */ = {
			isa = PBXNativeTarget;
			buildConfigurationList = 579960F81D6E679100BB1D15 /* Build configuration list for PBXNativeTarget "desenho" */;
			buildPhases = (
				579960DA1D6E679100BB1D15 /* Sources */,
				579960DB1D6E679100BB1D15 /* Frameworks */,
				579960DC1D6E679100BB1D15 /* Resources */,
			);
			buildRules = (
			);
			dependencies = (
			);
			name = desenho;
			productName = desenho;
			productReference = 579960DE1D6E679100BB1D15 /* desenho.app */;
			productType = "com.apple.product-type.application";
		};
/* End PBXNativeTarget section */

/* Begin PBXProject section */
		579960D61D6E679100BB1D15 /* Project object */ = {
			isa = PBXProject;
			attributes = {
				LastUpgradeCheck = 0730;
				ORGANIZATIONNAME = IESB;
				TargetAttributes = {
					579960DD1D6E679100BB1D15 = {
						CreatedOnToolsVersion = 7.3.1;
					};
				};
			};
			buildConfigurationList = 579960D91D6E679100BB1D15 /* Build configuration list for PBXProject "desenho" */;
			compatibilityVersion = "Xcode 3.2";
			developmentRegion = English;
			hasScannedForEncodings = 0;
			knownRegions = (
				en,
				Base,
			);
			mainGroup = 579960D51D6E679100BB1D15;
			productRefGroup = 579960DF1D6E679100BB1D15 /* Products */;
			projectDirPath = "";
			projectRoot = "";
			targets = (
				579960DD1D6E679100BB1D15 /* desenho */,
			);
		};
/* End PBXProject section */

/* Begin PBXResourcesBuildPhase section */
		579960DC1D6E679100BB1D15 /* Resources */ = {
			isa = PBXResourcesBuildPhase;
			buildActionMask = 2147483647;
			files = (
				579960F41D6E679100BB1D15 /* LaunchScreen.storyboard in Resources */,
				579960F11D6E679100BB1D15 /* Assets.xcassets in Resources */,
				579960EC1D6E679100BB1D15 /* Main.storyboard in Resources */,
			);
			runOnlyForDeploymentPostprocessing = 0;
		};
/* End PBXResourcesBuildPhase section */

/* Begin PBXSourcesBuildPhase section */
		579960DA1D6E679100BB1D15 /* Sources */ = {
			isa = PBXSourcesBuildPhase;
			buildActionMask = 2147483647;
			files = (
				579960E91D6E679100BB1D15 /* ViewController.m in Sources */,
				579960E61D6E679100BB1D15 /* AppDelegate.m in Sources */,
				579960EF1D6E679100BB1D15 /* desenho.xcdatamodeld in Sources */,
				579960E31D6E679100BB1D15 /* main.m in Sources */,
			);
			runOnlyForDeploymentPostprocessing = 0;
		};
/* End PBXSourcesBuildPhase section */

/* Begin PBXVariantGroup section */
		579960EA1D6E679100BB1D15 /* Main.storyboard */ = {
			isa = PBXVariantGroup;
			children = (
				579960EB1D6E679100BB1D15 /* Base */,
			);
			name = Main.storyboard;
			sourceTree = "<group>";
		};
		579960F21D6E679100BB1D15 /* LaunchScreen.storyboard */ = {
			isa = PBXVariantGroup;
			children = (
				579960F31D6E679100BB1D15 /* Base */,
			);
			name = LaunchScreen.storyboard;
			sourceTree = "<group>";
		};
/* End PBXVariantGroup section */

/* Begin XCBuildConfiguration section */
		579960F61D6E679100BB1D15 /* Debug */ = {
			isa = XCBuildConfiguration;
			buildSettings = {
				ALWAYS_SEARCH_USER_PATHS = NO;
				CLANG_ANALYZER_NONNULL = YES;
				CLANG_CXX_LANGUAGE_STANDARD = "gnu++0x";
				CLANG_CXX_LIBRARY = "libc++";
				CLANG_ENABLE_MODULES = YES;
				CLANG_ENABLE_OBJC_ARC = YES;
				CLANG_WARN_BOOL_CONVERSION = YES;
				CLANG_WARN_CONSTANT_CONVERSION = YES;
				CLANG_WARN_DIRECT_OBJC_ISA_USAGE = YES_ERROR;
				CLANG_WARN_EMPTY_BODY = YES;
				CLANG_WARN_ENUM_CONVERSION = YES;
				CLANG_WARN_INT_CONVERSION = YES;
				CLANG_WARN_OBJC_ROOT_CLASS = YES_ERROR;
				CLANG_WARN_UNREACHABLE_CODE = YES;
				CLANG_WARN__DUPLICATE_METHOD_MATCH = YES;
				"CODE_SIGN_IDENTITY[sdk=iphoneos*]" = "iPhone Developer";
				COPY_PHASE_STRIP = NO;
				DEBUG_INFORMATION_FORMAT = dwarf;
				ENABLE_STRICT_OBJC_MSGSEND = YES;
				ENABLE_TESTABILITY = YES;
				GCC_C_LANGUAGE_STANDARD = gnu99;
				GCC_DYNAMIC_NO_PIC = NO;
				GCC_NO_COMMON_BLOCKS = YES;
				GCC_OPTIMIZATION_LEVEL = 0;
				GCC_PREPROCESSOR_DEFINITIONS = (
					"DEBUG=1",
					"$(inherited)",
				);
				GCC_WARN_64_TO_32_BIT_CONVERSION = YES;
				GCC_WARN_ABOUT_RETURN_TYPE = YES_ERROR;
				GCC_WARN_UNDECLARED_SELECTOR = YES;
				GCC_WARN_UNINITIALIZED_AUTOS = YES_AGGRESSIVE;
				GCC_WARN_UNUSED_FUNCTION = YES;
				GCC_WARN_UNUSED_VARIABLE = YES;
				IPHONEOS_DEPLOYMENT_TARGET = 9.3;
				MTL_ENABLE_DEBUG_INFO = YES;
				ONLY_ACTIVE_ARCH = YES;
				SDKROOT = iphoneos;
				TARGETED_DEVICE_FAMILY = "1,2";
			};
			name = Debug;
		};
		579960F71D6E679100BB1D15 /* Release */ = {
			isa = XCBuildConfiguration;
			buildSettings = {
				ALWAYS_SEARCH_USER_PATHS = NO;
				CLANG_ANALYZER_NONNULL = YES;
				CLANG_CXX_LANGUAGE_STANDARD = "gnu++0x";
				CLANG_CXX_LIBRARY = "libc++";
				CLANG_ENABLE_MODULES = YES;
				CLANG_ENABLE_OBJC_ARC = YES;
				CLANG_WARN_BOOL_CONVERSION = YES;
				CLANG_WARN_CONSTANT_CONVERSION = YES;
				CLANG_WARN_DIRECT_OBJC_ISA_USAGE = YES_ERROR;
				CLANG_WARN_EMPTY_BODY = YES;
				CLANG_WARN_ENUM_CONVERSION = YES;
				CLANG_WARN_INT_CONVERSION = YES;
				CLANG_WARN_OBJC_ROOT_CLASS = YES_ERROR;
				CLANG_WARN_UNREACHABLE_CODE = YES;
				CLANG_WARN__DUPLICATE_METHOD_MATCH = YES;
				"CODE_SIGN_IDENTITY[sdk=iphoneos*]" = "iPhone Developer";
				COPY_PHASE_STRIP = NO;
				DEBUG_INFORMATION_FORMAT = "dwarf-with-dsym";
				ENABLE_NS_ASSERTIONS = NO;
				ENABLE_STRICT_OBJC_MSGSEND = YES;
				GCC_C_LANGUAGE_STANDARD = gnu99;
				GCC_NO_COMMON_BLOCKS = YES;
				GCC_WARN_64_TO_32_BIT_CONVERSION = YES;
				GCC_WARN_ABOUT_RETURN_TYPE = YES_ERROR;
				GCC_WARN_UNDECLARED_SELECTOR = YES;
				GCC_WARN_UNINITIALIZED_AUTOS = YES_AGGRESSIVE;
				GCC_WARN_UNUSED_FUNCTION = YES;
				GCC_WARN_UNUSED_VARIABLE = YES;
				IPHONEOS_DEPLOYMENT_TARGET = 9.3;
				MTL_ENABLE_DEBUG_INFO = NO;
				SDKROOT = iphoneos;
				TARGETED_DEVICE_FAMILY = "1,2";
				VALIDATE_PRODUCT = YES;
			};
			name = Release;
		};
		579960F91D6E679100BB1D15 /* Debug */ = {
			isa = XCBuildConfiguration;
			buildSettings = {
				ASSETCATALOG_COMPILER_APPICON_NAME = AppIcon;
				INFOPLIST_FILE = desenho/Info.plist;
				LD_RUNPATH_SEARCH_PATHS = "$(inherited) @executable_path/Frameworks";
				PRODUCT_BUNDLE_IDENTIFIER = br.iesb.desenho;
				PRODUCT_NAME = "$(TARGET_NAME)";
			};
			name = Debug;
		};
		579960FA1D6E679100BB1D15 /* Release */ = {
			isa = XCBuildConfiguration;
			buildSettings = {
				ASSETCATALOG_COMPILER_APPICON_NAME = AppIcon;
				INFOPLIST_FILE = desenho/Info.plist;
				LD_RUNPATH_SEARCH_PATHS = "$(inherited) @executable_path/Frameworks";
				PRODUCT_BUNDLE_IDENTIFIER = br.iesb.desenho;
				PRODUCT_NAME = "$(TARGET_NAME)";
			};
			name = Release;
		};
/* End XCBuildConfiguration section */

/* Begin XCConfigurationList section */
		579960D91D6E679100BB1D15 /* Build configuration list for PBXProject "desenho" */ = {
			isa = XCConfigurationList;
			buildConfigurations = (
				579960F61D6E679100BB1D15 /* Debug */,
				579960F71D6E679100BB1D15 /* Release */,
			);
			defaultConfigurationIsVisible = 0;
			defaultConfigurationName = Release;
		};
		579960F81D6E679100BB1D15 /* Build configuration list for PBXNativeTarget "desenho" */ = {
			isa = XCConfigurationList;
			buildConfigurations = (
				579960F91D6E679100BB1D15 /* Debug */,
				579960FA1D6E679100BB1D15 /* Release */,
			);
			defaultConfigurationIsVisible = 0;
		};
/* End XCConfigurationList section */

/* Begin XCVersionGroup section */
		579960ED1D6E679100BB1D15 /* desenho.xcdatamodeld */ = {
			isa = XCVersionGroup;
			children = (
				579960EE1D6E679100BB1D15 /* desenho.xcdatamodel */,
			);
			currentVersion = 579960EE1D6E679100BB1D15 /* desenho.xcdatamodel */;
			path = desenho.xcdatamodeld;
			sourceTree = "<group>";
			versionGroupType = wrapper.xcdatamodel;
		};
/* End XCVersionGroup section */
	};
	rootObject = 579960D61D6E679100BB1D15 /* Project object */;
}
